// !$*UTF8*$!
{
	archiveVersion = 1;
	classes = {
	};
	objectVersion = 46;
	objects = {

/* Begin PBXBuildFile section */
		34F5F3464F66C24DDA3A5391 /* Pods_Seam3_Example_TVOS.framework in Frameworks */ = {isa = PBXBuildFile; fileRef = FDF8FA189379E0C04D50777A /* Pods_Seam3_Example_TVOS.framework */; };
		607FACD61AFB9204008FA782 /* AppDelegate.swift in Sources */ = {isa = PBXBuildFile; fileRef = 607FACD51AFB9204008FA782 /* AppDelegate.swift */; };
		607FACDB1AFB9204008FA782 /* Main.storyboard in Resources */ = {isa = PBXBuildFile; fileRef = 607FACD91AFB9204008FA782 /* Main.storyboard */; };
		607FACDD1AFB9204008FA782 /* Images.xcassets in Resources */ = {isa = PBXBuildFile; fileRef = 607FACDC1AFB9204008FA782 /* Images.xcassets */; };
		607FACE01AFB9204008FA782 /* LaunchScreen.xib in Resources */ = {isa = PBXBuildFile; fileRef = 607FACDE1AFB9204008FA782 /* LaunchScreen.xib */; };
		607FACEC1AFB9204008FA782 /* Tests.swift in Sources */ = {isa = PBXBuildFile; fileRef = 607FACEB1AFB9204008FA782 /* Tests.swift */; };
		626242F17523025254B1D67D /* Pods_Seam3_Tests.framework in Frameworks */ = {isa = PBXBuildFile; fileRef = BB108AD779E69CD9E4528863 /* Pods_Seam3_Tests.framework */; };
		7D91ACA8F42C802579042510 /* Pods_Seam3_Example.framework in Frameworks */ = {isa = PBXBuildFile; fileRef = 1E25FB0A228E32DC36741C4A /* Pods_Seam3_Example.framework */; };
		BB02C42A1DEF999C0021375F /* CloudKit.framework in Frameworks */ = {isa = PBXBuildFile; fileRef = BB02C4291DEF999C0021375F /* CloudKit.framework */; };
		BB02C4501DEF9BEB0021375F /* DetailViewController.swift in Sources */ = {isa = PBXBuildFile; fileRef = BB02C44E1DEF9BEB0021375F /* DetailViewController.swift */; };
		BB02C4511DEF9BEB0021375F /* MasterViewController.swift in Sources */ = {isa = PBXBuildFile; fileRef = BB02C44F1DEF9BEB0021375F /* MasterViewController.swift */; };
		BB1B5C941E174E4500B4F890 /* DeviceTableViewCell.swift in Sources */ = {isa = PBXBuildFile; fileRef = BB1B5C931E174E4500B4F890 /* DeviceTableViewCell.swift */; };
		BB7BB26D1E5AAC25000ECBCB /* DeviceTableViewController.swift in Sources */ = {isa = PBXBuildFile; fileRef = BB7BB26C1E5AAC25000ECBCB /* DeviceTableViewController.swift */; };
		BB7BB2701E5AAC37000ECBCB /* EventTableViewController.swift in Sources */ = {isa = PBXBuildFile; fileRef = BB7BB26E1E5AAC37000ECBCB /* EventTableViewController.swift */; };
		BB7BB2791E5BCC93000ECBCB /* AppDelegate.swift in Sources */ = {isa = PBXBuildFile; fileRef = BB7BB2781E5BCC93000ECBCB /* AppDelegate.swift */; };
		BB7BB27B1E5BCC93000ECBCB /* ViewController.swift in Sources */ = {isa = PBXBuildFile; fileRef = BB7BB27A1E5BCC93000ECBCB /* ViewController.swift */; };
		BB7BB2811E5BCC93000ECBCB /* Main.storyboard in Resources */ = {isa = PBXBuildFile; fileRef = BB7BB27F1E5BCC93000ECBCB /* Main.storyboard */; };
		BB7BB2831E5BCC93000ECBCB /* Assets.xcassets in Resources */ = {isa = PBXBuildFile; fileRef = BB7BB2821E5BCC93000ECBCB /* Assets.xcassets */; };
		BB7BB28D1E5D18A4000ECBCB /* DeviceTableViewCell.swift in Sources */ = {isa = PBXBuildFile; fileRef = BB7BB28C1E5D18A4000ECBCB /* DeviceTableViewCell.swift */; };
		BB7BB28F1E5D18B0000ECBCB /* EventTableViewCell.swift in Sources */ = {isa = PBXBuildFile; fileRef = BB7BB28E1E5D18B0000ECBCB /* EventTableViewCell.swift */; };
		BB7BB2911E5E80E4000ECBCB /* CloudKit.framework in Frameworks */ = {isa = PBXBuildFile; fileRef = BB7BB2901E5E80E4000ECBCB /* CloudKit.framework */; };
		BB7BB2941E5E851D000ECBCB /* Seam3Demo.xcdatamodeld in Sources */ = {isa = PBXBuildFile; fileRef = BB7BB2921E5E851D000ECBCB /* Seam3Demo.xcdatamodeld */; };
		BB7BB2951E5E8521000ECBCB /* Seam3Demo.xcdatamodeld in Sources */ = {isa = PBXBuildFile; fileRef = BB7BB2921E5E851D000ECBCB /* Seam3Demo.xcdatamodeld */; };
		BB7BB2961E5E8522000ECBCB /* Seam3Demo.xcdatamodeld in Sources */ = {isa = PBXBuildFile; fileRef = BB7BB2921E5E851D000ECBCB /* Seam3Demo.xcdatamodeld */; };
		BB9341501E57ECC500A0A63A /* AppDelegate.swift in Sources */ = {isa = PBXBuildFile; fileRef = BB93414F1E57ECC500A0A63A /* AppDelegate.swift */; };
		BB93415A1E57ECC500A0A63A /* Main.storyboard in Resources */ = {isa = PBXBuildFile; fileRef = BB9341581E57ECC500A0A63A /* Main.storyboard */; };
		BB9341621E5A52C000A0A63A /* Assets.xcassets in Resources */ = {isa = PBXBuildFile; fileRef = BB9341611E5A52C000A0A63A /* Assets.xcassets */; };
		BB9341641E5A538100A0A63A /* CloudKit.framework in Frameworks */ = {isa = PBXBuildFile; fileRef = BB9341631E5A538100A0A63A /* CloudKit.framework */; };
		DC4EBD9BEFEB963DBBB3DC00 /* Pods_Seam3_Example_OSX.framework in Frameworks */ = {isa = PBXBuildFile; fileRef = 57B291CDD8C9EF4F0422D925 /* Pods_Seam3_Example_OSX.framework */; };
/* End PBXBuildFile section */

/* Begin PBXContainerItemProxy section */
		607FACE61AFB9204008FA782 /* PBXContainerItemProxy */ = {
			isa = PBXContainerItemProxy;
			containerPortal = 607FACC81AFB9204008FA782 /* Project object */;
			proxyType = 1;
			remoteGlobalIDString = 607FACCF1AFB9204008FA782;
			remoteInfo = Seam3;
		};
/* End PBXContainerItemProxy section */

/* Begin PBXFileReference section */
		1869198D3CB5ED89E8C758BF /* Pods-Seam3_Tests.debug.xcconfig */ = {isa = PBXFileReference; includeInIndex = 1; lastKnownFileType = text.xcconfig; name = "Pods-Seam3_Tests.debug.xcconfig"; path = "Pods/Target Support Files/Pods-Seam3_Tests/Pods-Seam3_Tests.debug.xcconfig"; sourceTree = "<group>"; };
		1E25FB0A228E32DC36741C4A /* Pods_Seam3_Example.framework */ = {isa = PBXFileReference; explicitFileType = wrapper.framework; includeInIndex = 0; path = Pods_Seam3_Example.framework; sourceTree = BUILT_PRODUCTS_DIR; };
		530C7ABFE647FCDD734E9F50 /* Pods-Seam3_Example_TVOS.release.xcconfig */ = {isa = PBXFileReference; includeInIndex = 1; lastKnownFileType = text.xcconfig; name = "Pods-Seam3_Example_TVOS.release.xcconfig"; path = "Pods/Target Support Files/Pods-Seam3_Example_TVOS/Pods-Seam3_Example_TVOS.release.xcconfig"; sourceTree = "<group>"; };
		57B291CDD8C9EF4F0422D925 /* Pods_Seam3_Example_OSX.framework */ = {isa = PBXFileReference; explicitFileType = wrapper.framework; includeInIndex = 0; path = Pods_Seam3_Example_OSX.framework; sourceTree = BUILT_PRODUCTS_DIR; };
		607FACD01AFB9204008FA782 /* Seam3_Example.app */ = {isa = PBXFileReference; explicitFileType = wrapper.application; includeInIndex = 0; path = Seam3_Example.app; sourceTree = BUILT_PRODUCTS_DIR; };
		607FACD41AFB9204008FA782 /* Info.plist */ = {isa = PBXFileReference; lastKnownFileType = text.plist.xml; path = Info.plist; sourceTree = "<group>"; };
		607FACD51AFB9204008FA782 /* AppDelegate.swift */ = {isa = PBXFileReference; lastKnownFileType = sourcecode.swift; path = AppDelegate.swift; sourceTree = "<group>"; };
		607FACDA1AFB9204008FA782 /* Base */ = {isa = PBXFileReference; lastKnownFileType = file.storyboard; name = Base; path = Base.lproj/Main.storyboard; sourceTree = "<group>"; };
		607FACDC1AFB9204008FA782 /* Images.xcassets */ = {isa = PBXFileReference; lastKnownFileType = folder.assetcatalog; path = Images.xcassets; sourceTree = "<group>"; };
		607FACDF1AFB9204008FA782 /* Base */ = {isa = PBXFileReference; lastKnownFileType = file.xib; name = Base; path = Base.lproj/LaunchScreen.xib; sourceTree = "<group>"; };
		607FACE51AFB9204008FA782 /* Seam3_Tests.xctest */ = {isa = PBXFileReference; explicitFileType = wrapper.cfbundle; includeInIndex = 0; path = Seam3_Tests.xctest; sourceTree = BUILT_PRODUCTS_DIR; };
		607FACEA1AFB9204008FA782 /* Info.plist */ = {isa = PBXFileReference; lastKnownFileType = text.plist.xml; path = Info.plist; sourceTree = "<group>"; };
		607FACEB1AFB9204008FA782 /* Tests.swift */ = {isa = PBXFileReference; lastKnownFileType = sourcecode.swift; path = Tests.swift; sourceTree = "<group>"; };
		7C070A0B5200D73DD91C1FC9 /* Pods-Seam3_Example.release.xcconfig */ = {isa = PBXFileReference; includeInIndex = 1; lastKnownFileType = text.xcconfig; name = "Pods-Seam3_Example.release.xcconfig"; path = "Pods/Target Support Files/Pods-Seam3_Example/Pods-Seam3_Example.release.xcconfig"; sourceTree = "<group>"; };
		93144DDDA2D4F2283DEC3115 /* LICENSE */ = {isa = PBXFileReference; includeInIndex = 1; lastKnownFileType = text; name = LICENSE; path = ../LICENSE; sourceTree = "<group>"; };
		982ADD5C28B585F5F534480D /* README.md */ = {isa = PBXFileReference; includeInIndex = 1; lastKnownFileType = net.daringfireball.markdown; name = README.md; path = ../README.md; sourceTree = "<group>"; };
		B5B20B29F0DB774105D4FD6D /* Pods-Seam3_Tests.release.xcconfig */ = {isa = PBXFileReference; includeInIndex = 1; lastKnownFileType = text.xcconfig; name = "Pods-Seam3_Tests.release.xcconfig"; path = "Pods/Target Support Files/Pods-Seam3_Tests/Pods-Seam3_Tests.release.xcconfig"; sourceTree = "<group>"; };
		BB02C4281DEF99970021375F /* Seam3_Example.entitlements */ = {isa = PBXFileReference; lastKnownFileType = text.plist.entitlements; path = Seam3_Example.entitlements; sourceTree = "<group>"; };
		BB02C4291DEF999C0021375F /* CloudKit.framework */ = {isa = PBXFileReference; lastKnownFileType = wrapper.framework; name = CloudKit.framework; path = System/Library/Frameworks/CloudKit.framework; sourceTree = SDKROOT; };
		BB02C44E1DEF9BEB0021375F /* DetailViewController.swift */ = {isa = PBXFileReference; fileEncoding = 4; lastKnownFileType = sourcecode.swift; path = DetailViewController.swift; sourceTree = "<group>"; };
		BB02C44F1DEF9BEB0021375F /* MasterViewController.swift */ = {isa = PBXFileReference; fileEncoding = 4; lastKnownFileType = sourcecode.swift; path = MasterViewController.swift; sourceTree = "<group>"; };
		BB108AD779E69CD9E4528863 /* Pods_Seam3_Tests.framework */ = {isa = PBXFileReference; explicitFileType = wrapper.framework; includeInIndex = 0; path = Pods_Seam3_Tests.framework; sourceTree = BUILT_PRODUCTS_DIR; };
		BB1B5C931E174E4500B4F890 /* DeviceTableViewCell.swift */ = {isa = PBXFileReference; fileEncoding = 4; lastKnownFileType = sourcecode.swift; path = DeviceTableViewCell.swift; sourceTree = "<group>"; };
		BB7BB26C1E5AAC25000ECBCB /* DeviceTableViewController.swift */ = {isa = PBXFileReference; fileEncoding = 4; lastKnownFileType = sourcecode.swift; path = DeviceTableViewController.swift; sourceTree = "<group>"; };
		BB7BB26E1E5AAC37000ECBCB /* EventTableViewController.swift */ = {isa = PBXFileReference; fileEncoding = 4; lastKnownFileType = sourcecode.swift; path = EventTableViewController.swift; sourceTree = "<group>"; };
		BB7BB2761E5BCC93000ECBCB /* Seam3_Example_TVOS.app */ = {isa = PBXFileReference; explicitFileType = wrapper.application; includeInIndex = 0; path = Seam3_Example_TVOS.app; sourceTree = BUILT_PRODUCTS_DIR; };
		BB7BB2781E5BCC93000ECBCB /* AppDelegate.swift */ = {isa = PBXFileReference; lastKnownFileType = sourcecode.swift; path = AppDelegate.swift; sourceTree = "<group>"; };
		BB7BB27A1E5BCC93000ECBCB /* ViewController.swift */ = {isa = PBXFileReference; lastKnownFileType = sourcecode.swift; path = ViewController.swift; sourceTree = "<group>"; };
		BB7BB2801E5BCC93000ECBCB /* Base */ = {isa = PBXFileReference; lastKnownFileType = file.storyboard; name = Base; path = Base.lproj/Main.storyboard; sourceTree = "<group>"; };
		BB7BB2821E5BCC93000ECBCB /* Assets.xcassets */ = {isa = PBXFileReference; lastKnownFileType = folder.assetcatalog; name = Assets.xcassets; path = ../Seam3_Example_TVOS/Assets.xcassets; sourceTree = "<group>"; };
		BB7BB2841E5BCC93000ECBCB /* Info.plist */ = {isa = PBXFileReference; lastKnownFileType = text.plist.xml; path = Info.plist; sourceTree = "<group>"; };
		BB7BB2881E5C5AEA000ECBCB /* Seam3_Example_TVOS.entitlements */ = {isa = PBXFileReference; lastKnownFileType = text.plist.entitlements; path = Seam3_Example_TVOS.entitlements; sourceTree = "<group>"; };
		BB7BB28C1E5D18A4000ECBCB /* DeviceTableViewCell.swift */ = {isa = PBXFileReference; fileEncoding = 4; lastKnownFileType = sourcecode.swift; path = DeviceTableViewCell.swift; sourceTree = "<group>"; };
		BB7BB28E1E5D18B0000ECBCB /* EventTableViewCell.swift */ = {isa = PBXFileReference; fileEncoding = 4; lastKnownFileType = sourcecode.swift; path = EventTableViewCell.swift; sourceTree = "<group>"; };
		BB7BB2901E5E80E4000ECBCB /* CloudKit.framework */ = {isa = PBXFileReference; lastKnownFileType = wrapper.framework; name = CloudKit.framework; path = Platforms/AppleTVOS.platform/Developer/SDKs/AppleTVOS10.1.sdk/System/Library/Frameworks/CloudKit.framework; sourceTree = DEVELOPER_DIR; };
		BB7BB2931E5E851D000ECBCB /* Seam3Demo.xcdatamodel */ = {isa = PBXFileReference; lastKnownFileType = wrapper.xcdatamodel; path = Seam3Demo.xcdatamodel; sourceTree = "<group>"; };
		BB93414D1E57ECC500A0A63A /* Seam3_Example_OSX.app */ = {isa = PBXFileReference; explicitFileType = wrapper.application; includeInIndex = 0; path = Seam3_Example_OSX.app; sourceTree = BUILT_PRODUCTS_DIR; };
		BB93414F1E57ECC500A0A63A /* AppDelegate.swift */ = {isa = PBXFileReference; lastKnownFileType = sourcecode.swift; path = AppDelegate.swift; sourceTree = "<group>"; };
		BB9341541E57ECC500A0A63A /* Seam3_Example_OSX.xcdatamodel */ = {isa = PBXFileReference; lastKnownFileType = wrapper.xcdatamodel; path = Seam3_Example_OSX.xcdatamodel; sourceTree = "<group>"; };
		BB9341591E57ECC500A0A63A /* Base */ = {isa = PBXFileReference; lastKnownFileType = file.storyboard; name = Base; path = Base.lproj/Main.storyboard; sourceTree = "<group>"; };
		BB93415B1E57ECC500A0A63A /* Info.plist */ = {isa = PBXFileReference; lastKnownFileType = text.plist.xml; path = Info.plist; sourceTree = "<group>"; };
		BB93415F1E5A4E9200A0A63A /* Seam3_Example_OSX.entitlements */ = {isa = PBXFileReference; lastKnownFileType = text.plist.entitlements; path = Seam3_Example_OSX.entitlements; sourceTree = "<group>"; };
		BB9341611E5A52C000A0A63A /* Assets.xcassets */ = {isa = PBXFileReference; lastKnownFileType = folder.assetcatalog; path = Assets.xcassets; sourceTree = "<group>"; };
		BB9341631E5A538100A0A63A /* CloudKit.framework */ = {isa = PBXFileReference; lastKnownFileType = wrapper.framework; name = CloudKit.framework; path = Platforms/MacOSX.platform/Developer/SDKs/MacOSX10.12.sdk/System/Library/Frameworks/CloudKit.framework; sourceTree = DEVELOPER_DIR; };
		C6DFA1354567D6965A366287 /* Pods-Seam3_Example.debug.xcconfig */ = {isa = PBXFileReference; includeInIndex = 1; lastKnownFileType = text.xcconfig; name = "Pods-Seam3_Example.debug.xcconfig"; path = "Pods/Target Support Files/Pods-Seam3_Example/Pods-Seam3_Example.debug.xcconfig"; sourceTree = "<group>"; };
		D5C4E8D6AE3EDFFFC4DC0B8B /* Seam3.podspec */ = {isa = PBXFileReference; includeInIndex = 1; lastKnownFileType = text; name = Seam3.podspec; path = ../Seam3.podspec; sourceTree = "<group>"; };
		E336BFDF4A21BF975FB8156D /* Pods-Seam3_Example_TVOS.debug.xcconfig */ = {isa = PBXFileReference; includeInIndex = 1; lastKnownFileType = text.xcconfig; name = "Pods-Seam3_Example_TVOS.debug.xcconfig"; path = "Pods/Target Support Files/Pods-Seam3_Example_TVOS/Pods-Seam3_Example_TVOS.debug.xcconfig"; sourceTree = "<group>"; };
		E58C37E8E69937F8ECB6E3D9 /* Pods-Seam3_Example_OSX.debug.xcconfig */ = {isa = PBXFileReference; includeInIndex = 1; lastKnownFileType = text.xcconfig; name = "Pods-Seam3_Example_OSX.debug.xcconfig"; path = "Pods/Target Support Files/Pods-Seam3_Example_OSX/Pods-Seam3_Example_OSX.debug.xcconfig"; sourceTree = "<group>"; };
		F6C1DF1517B5ED1CA75B0270 /* Pods-Seam3_Example_OSX.release.xcconfig */ = {isa = PBXFileReference; includeInIndex = 1; lastKnownFileType = text.xcconfig; name = "Pods-Seam3_Example_OSX.release.xcconfig"; path = "Pods/Target Support Files/Pods-Seam3_Example_OSX/Pods-Seam3_Example_OSX.release.xcconfig"; sourceTree = "<group>"; };
		FDF8FA189379E0C04D50777A /* Pods_Seam3_Example_TVOS.framework */ = {isa = PBXFileReference; explicitFileType = wrapper.framework; includeInIndex = 0; path = Pods_Seam3_Example_TVOS.framework; sourceTree = BUILT_PRODUCTS_DIR; };
/* End PBXFileReference section */

/* Begin PBXFrameworksBuildPhase section */
		607FACCD1AFB9204008FA782 /* Frameworks */ = {
			isa = PBXFrameworksBuildPhase;
			buildActionMask = 2147483647;
			files = (
				7D91ACA8F42C802579042510 /* Pods_Seam3_Example.framework in Frameworks */,
				BB02C42A1DEF999C0021375F /* CloudKit.framework in Frameworks */,
			);
			runOnlyForDeploymentPostprocessing = 0;
		};
		607FACE21AFB9204008FA782 /* Frameworks */ = {
			isa = PBXFrameworksBuildPhase;
			buildActionMask = 2147483647;
			files = (
				626242F17523025254B1D67D /* Pods_Seam3_Tests.framework in Frameworks */,
			);
			runOnlyForDeploymentPostprocessing = 0;
		};
		BB7BB2731E5BCC93000ECBCB /* Frameworks */ = {
			isa = PBXFrameworksBuildPhase;
			buildActionMask = 2147483647;
			files = (
				34F5F3464F66C24DDA3A5391 /* Pods_Seam3_Example_TVOS.framework in Frameworks */,
				BB7BB2911E5E80E4000ECBCB /* CloudKit.framework in Frameworks */,
			);
			runOnlyForDeploymentPostprocessing = 0;
		};
		BB93414A1E57ECC500A0A63A /* Frameworks */ = {
			isa = PBXFrameworksBuildPhase;
			buildActionMask = 2147483647;
			files = (
				DC4EBD9BEFEB963DBBB3DC00 /* Pods_Seam3_Example_OSX.framework in Frameworks */,
				BB9341641E5A538100A0A63A /* CloudKit.framework in Frameworks */,
			);
			runOnlyForDeploymentPostprocessing = 0;
		};
/* End PBXFrameworksBuildPhase section */

/* Begin PBXGroup section */
		165F11D0344CB4927E30B612 /* Pods */ = {
			isa = PBXGroup;
			children = (
				C6DFA1354567D6965A366287 /* Pods-Seam3_Example.debug.xcconfig */,
				7C070A0B5200D73DD91C1FC9 /* Pods-Seam3_Example.release.xcconfig */,
				1869198D3CB5ED89E8C758BF /* Pods-Seam3_Tests.debug.xcconfig */,
				B5B20B29F0DB774105D4FD6D /* Pods-Seam3_Tests.release.xcconfig */,
				E58C37E8E69937F8ECB6E3D9 /* Pods-Seam3_Example_OSX.debug.xcconfig */,
				F6C1DF1517B5ED1CA75B0270 /* Pods-Seam3_Example_OSX.release.xcconfig */,
				E336BFDF4A21BF975FB8156D /* Pods-Seam3_Example_TVOS.debug.xcconfig */,
				530C7ABFE647FCDD734E9F50 /* Pods-Seam3_Example_TVOS.release.xcconfig */,
			);
			name = Pods;
			sourceTree = "<group>";
		};
		607FACC71AFB9204008FA782 = {
			isa = PBXGroup;
			children = (
				BB02C4281DEF99970021375F /* Seam3_Example.entitlements */,
				607FACF51AFB993E008FA782 /* Podspec Metadata */,
				607FACD21AFB9204008FA782 /* Example for Seam3 */,
				607FACE81AFB9204008FA782 /* Tests */,
				BB93414E1E57ECC500A0A63A /* Seam3_Example_OSX */,
				BB7BB2771E5BCC93000ECBCB /* Seam3_Example_TVOS */,
				607FACD11AFB9204008FA782 /* Products */,
				165F11D0344CB4927E30B612 /* Pods */,
				9F59CF4C37B9421AB8216220 /* Frameworks */,
			);
			sourceTree = "<group>";
		};
		607FACD11AFB9204008FA782 /* Products */ = {
			isa = PBXGroup;
			children = (
				607FACD01AFB9204008FA782 /* Seam3_Example.app */,
				607FACE51AFB9204008FA782 /* Seam3_Tests.xctest */,
				BB93414D1E57ECC500A0A63A /* Seam3_Example_OSX.app */,
				BB7BB2761E5BCC93000ECBCB /* Seam3_Example_TVOS.app */,
			);
			name = Products;
			sourceTree = "<group>";
		};
		607FACD21AFB9204008FA782 /* Example for Seam3 */ = {
			isa = PBXGroup;
			children = (
				BB1B5C931E174E4500B4F890 /* DeviceTableViewCell.swift */,
				607FACD51AFB9204008FA782 /* AppDelegate.swift */,
				BB02C44E1DEF9BEB0021375F /* DetailViewController.swift */,
				BB02C44F1DEF9BEB0021375F /* MasterViewController.swift */,
				607FACD91AFB9204008FA782 /* Main.storyboard */,
				607FACDC1AFB9204008FA782 /* Images.xcassets */,
				607FACDE1AFB9204008FA782 /* LaunchScreen.xib */,
				607FACD31AFB9204008FA782 /* Supporting Files */,
			);
			name = "Example for Seam3";
			path = Seam3;
			sourceTree = "<group>";
		};
		607FACD31AFB9204008FA782 /* Supporting Files */ = {
			isa = PBXGroup;
			children = (
				BB7BB2921E5E851D000ECBCB /* Seam3Demo.xcdatamodeld */,
				607FACD41AFB9204008FA782 /* Info.plist */,
			);
			name = "Supporting Files";
			sourceTree = "<group>";
		};
		607FACE81AFB9204008FA782 /* Tests */ = {
			isa = PBXGroup;
			children = (
				607FACEB1AFB9204008FA782 /* Tests.swift */,
				607FACE91AFB9204008FA782 /* Supporting Files */,
			);
			path = Tests;
			sourceTree = "<group>";
		};
		607FACE91AFB9204008FA782 /* Supporting Files */ = {
			isa = PBXGroup;
			children = (
				607FACEA1AFB9204008FA782 /* Info.plist */,
			);
			name = "Supporting Files";
			sourceTree = "<group>";
		};
		607FACF51AFB993E008FA782 /* Podspec Metadata */ = {
			isa = PBXGroup;
			children = (
				D5C4E8D6AE3EDFFFC4DC0B8B /* Seam3.podspec */,
				982ADD5C28B585F5F534480D /* README.md */,
				93144DDDA2D4F2283DEC3115 /* LICENSE */,
			);
			name = "Podspec Metadata";
			sourceTree = "<group>";
		};
		9F59CF4C37B9421AB8216220 /* Frameworks */ = {
			isa = PBXGroup;
			children = (
				BB7BB2901E5E80E4000ECBCB /* CloudKit.framework */,
				BB9341631E5A538100A0A63A /* CloudKit.framework */,
				BB02C4291DEF999C0021375F /* CloudKit.framework */,
				1E25FB0A228E32DC36741C4A /* Pods_Seam3_Example.framework */,
				BB108AD779E69CD9E4528863 /* Pods_Seam3_Tests.framework */,
				57B291CDD8C9EF4F0422D925 /* Pods_Seam3_Example_OSX.framework */,
				FDF8FA189379E0C04D50777A /* Pods_Seam3_Example_TVOS.framework */,
			);
			name = Frameworks;
			sourceTree = "<group>";
		};
		BB7BB2771E5BCC93000ECBCB /* Seam3_Example_TVOS */ = {
			isa = PBXGroup;
			children = (
				BB7BB2881E5C5AEA000ECBCB /* Seam3_Example_TVOS.entitlements */,
				BB7BB2781E5BCC93000ECBCB /* AppDelegate.swift */,
				BB7BB27A1E5BCC93000ECBCB /* ViewController.swift */,
				BB7BB28C1E5D18A4000ECBCB /* DeviceTableViewCell.swift */,
				BB7BB28E1E5D18B0000ECBCB /* EventTableViewCell.swift */,
				BB7BB27F1E5BCC93000ECBCB /* Main.storyboard */,
				BB7BB2821E5BCC93000ECBCB /* Assets.xcassets */,
				BB7BB2841E5BCC93000ECBCB /* Info.plist */,
			);
			path = Seam3_Example_TVOS;
			sourceTree = "<group>";
		};
		BB93414E1E57ECC500A0A63A /* Seam3_Example_OSX */ = {
			isa = PBXGroup;
			children = (
				BB9341611E5A52C000A0A63A /* Assets.xcassets */,
				BB93415F1E5A4E9200A0A63A /* Seam3_Example_OSX.entitlements */,
				BB93414F1E57ECC500A0A63A /* AppDelegate.swift */,
				BB9341581E57ECC500A0A63A /* Main.storyboard */,
				BB7BB26C1E5AAC25000ECBCB /* DeviceTableViewController.swift */,
				BB7BB26E1E5AAC37000ECBCB /* EventTableViewController.swift */,
				BB93415B1E57ECC500A0A63A /* Info.plist */,
				BB9341531E57ECC500A0A63A /* Seam3_Example_OSX.xcdatamodeld */,
			);
			path = Seam3_Example_OSX;
			sourceTree = "<group>";
		};
/* End PBXGroup section */

/* Begin PBXNativeTarget section */
		607FACCF1AFB9204008FA782 /* Seam3_Example */ = {
			isa = PBXNativeTarget;
			buildConfigurationList = 607FACEF1AFB9204008FA782 /* Build configuration list for PBXNativeTarget "Seam3_Example" */;
			buildPhases = (
				B3461A624C29963F06342B53 /* [CP] Check Pods Manifest.lock */,
				607FACCC1AFB9204008FA782 /* Sources */,
				607FACCD1AFB9204008FA782 /* Frameworks */,
				607FACCE1AFB9204008FA782 /* Resources */,
				02B1287B0CAC27EEA2FE3CD3 /* [CP] Embed Pods Frameworks */,
				84901C07EFD92F51B65242A3 /* [CP] Copy Pods Resources */,
			);
			buildRules = (
			);
			dependencies = (
			);
			name = Seam3_Example;
			productName = Seam3;
			productReference = 607FACD01AFB9204008FA782 /* Seam3_Example.app */;
			productType = "com.apple.product-type.application";
		};
		607FACE41AFB9204008FA782 /* Seam3_Tests */ = {
			isa = PBXNativeTarget;
			buildConfigurationList = 607FACF21AFB9204008FA782 /* Build configuration list for PBXNativeTarget "Seam3_Tests" */;
			buildPhases = (
				BB5A4692B126AB7E5D8FAD4B /* [CP] Check Pods Manifest.lock */,
				607FACE11AFB9204008FA782 /* Sources */,
				607FACE21AFB9204008FA782 /* Frameworks */,
				607FACE31AFB9204008FA782 /* Resources */,
				A83AF6C423447B4F89FC50B4 /* [CP] Embed Pods Frameworks */,
				019FDA1A3BCE66326E884057 /* [CP] Copy Pods Resources */,
			);
			buildRules = (
			);
			dependencies = (
				607FACE71AFB9204008FA782 /* PBXTargetDependency */,
			);
			name = Seam3_Tests;
			productName = Tests;
			productReference = 607FACE51AFB9204008FA782 /* Seam3_Tests.xctest */;
			productType = "com.apple.product-type.bundle.unit-test";
		};
		BB7BB2751E5BCC93000ECBCB /* Seam3_Example_TVOS */ = {
			isa = PBXNativeTarget;
			buildConfigurationList = BB7BB2851E5BCC93000ECBCB /* Build configuration list for PBXNativeTarget "Seam3_Example_TVOS" */;
			buildPhases = (
				4BD6828B15F10D51BCFDE28D /* [CP] Check Pods Manifest.lock */,
				BB7BB2721E5BCC93000ECBCB /* Sources */,
				BB7BB2731E5BCC93000ECBCB /* Frameworks */,
				BB7BB2741E5BCC93000ECBCB /* Resources */,
				CBEB772B2040A70DCD0B1CCD /* [CP] Embed Pods Frameworks */,
				F1B20E6F22A5FFFE3516183C /* [CP] Copy Pods Resources */,
			);
			buildRules = (
			);
			dependencies = (
			);
			name = Seam3_Example_TVOS;
			productName = Seam_Example_TVOS;
			productReference = BB7BB2761E5BCC93000ECBCB /* Seam3_Example_TVOS.app */;
			productType = "com.apple.product-type.application";
		};
		BB93414C1E57ECC500A0A63A /* Seam3_Example_OSX */ = {
			isa = PBXNativeTarget;
			buildConfigurationList = BB93415E1E57ECC500A0A63A /* Build configuration list for PBXNativeTarget "Seam3_Example_OSX" */;
			buildPhases = (
				0D4CA4AF30C6636D88DB426F /* [CP] Check Pods Manifest.lock */,
				BB9341491E57ECC500A0A63A /* Sources */,
				BB93414A1E57ECC500A0A63A /* Frameworks */,
				BB93414B1E57ECC500A0A63A /* Resources */,
				AAF2EF1292954783910280E7 /* [CP] Embed Pods Frameworks */,
				3EE34C4612C451DA041D0554 /* [CP] Copy Pods Resources */,
			);
			buildRules = (
			);
			dependencies = (
			);
			name = Seam3_Example_OSX;
			productName = Seam3_Example_OSX;
			productReference = BB93414D1E57ECC500A0A63A /* Seam3_Example_OSX.app */;
			productType = "com.apple.product-type.application";
		};
/* End PBXNativeTarget section */

/* Begin PBXProject section */
		607FACC81AFB9204008FA782 /* Project object */ = {
			isa = PBXProject;
			attributes = {
				LastSwiftUpdateCheck = 0820;
				LastUpgradeCheck = 0900;
				ORGANIZATIONNAME = CocoaPods;
				TargetAttributes = {
					607FACCF1AFB9204008FA782 = {
						CreatedOnToolsVersion = 6.3.1;
						DevelopmentTeam = UPP93EJ3U2;
						LastSwiftMigration = 0900;
						SystemCapabilities = {
							com.apple.BackgroundModes = {
								enabled = 1;
							};
							com.apple.Push = {
								enabled = 1;
							};
							com.apple.iCloud = {
								enabled = 1;
							};
						};
					};
					607FACE41AFB9204008FA782 = {
						CreatedOnToolsVersion = 6.3.1;
						DevelopmentTeam = UPP93EJ3U2;
						LastSwiftMigration = 0900;
						TestTargetID = 607FACCF1AFB9204008FA782;
					};
					BB7BB2751E5BCC93000ECBCB = {
						CreatedOnToolsVersion = 8.2.1;
						DevelopmentTeam = UPP93EJ3U2;
						ProvisioningStyle = Automatic;
						SystemCapabilities = {
							com.apple.BackgroundModes.appletvos = {
								enabled = 0;
							};
							com.apple.Push = {
								enabled = 1;
							};
							com.apple.iCloud = {
								enabled = 1;
							};
						};
					};
					BB93414C1E57ECC500A0A63A = {
						CreatedOnToolsVersion = 8.2.1;
						DevelopmentTeam = UPP93EJ3U2;
						ProvisioningStyle = Automatic;
						SystemCapabilities = {
							com.apple.Push = {
								enabled = 1;
							};
							com.apple.iCloud = {
								enabled = 1;
							};
						};
					};
				};
			};
			buildConfigurationList = 607FACCB1AFB9204008FA782 /* Build configuration list for PBXProject "Seam3" */;
			compatibilityVersion = "Xcode 3.2";
			developmentRegion = English;
			hasScannedForEncodings = 0;
			knownRegions = (
				en,
				Base,
			);
			mainGroup = 607FACC71AFB9204008FA782;
			productRefGroup = 607FACD11AFB9204008FA782 /* Products */;
			projectDirPath = "";
			projectRoot = "";
			targets = (
				607FACCF1AFB9204008FA782 /* Seam3_Example */,
				607FACE41AFB9204008FA782 /* Seam3_Tests */,
				BB93414C1E57ECC500A0A63A /* Seam3_Example_OSX */,
				BB7BB2751E5BCC93000ECBCB /* Seam3_Example_TVOS */,
			);
		};
/* End PBXProject section */

/* Begin PBXResourcesBuildPhase section */
		607FACCE1AFB9204008FA782 /* Resources */ = {
			isa = PBXResourcesBuildPhase;
			buildActionMask = 2147483647;
			files = (
				607FACDB1AFB9204008FA782 /* Main.storyboard in Resources */,
				607FACE01AFB9204008FA782 /* LaunchScreen.xib in Resources */,
				607FACDD1AFB9204008FA782 /* Images.xcassets in Resources */,
			);
			runOnlyForDeploymentPostprocessing = 0;
		};
		607FACE31AFB9204008FA782 /* Resources */ = {
			isa = PBXResourcesBuildPhase;
			buildActionMask = 2147483647;
			files = (
			);
			runOnlyForDeploymentPostprocessing = 0;
		};
		BB7BB2741E5BCC93000ECBCB /* Resources */ = {
			isa = PBXResourcesBuildPhase;
			buildActionMask = 2147483647;
			files = (
				BB7BB2831E5BCC93000ECBCB /* Assets.xcassets in Resources */,
				BB7BB2811E5BCC93000ECBCB /* Main.storyboard in Resources */,
			);
			runOnlyForDeploymentPostprocessing = 0;
		};
		BB93414B1E57ECC500A0A63A /* Resources */ = {
			isa = PBXResourcesBuildPhase;
			buildActionMask = 2147483647;
			files = (
				BB9341621E5A52C000A0A63A /* Assets.xcassets in Resources */,
				BB93415A1E57ECC500A0A63A /* Main.storyboard in Resources */,
			);
			runOnlyForDeploymentPostprocessing = 0;
		};
/* End PBXResourcesBuildPhase section */

/* Begin PBXShellScriptBuildPhase section */
		019FDA1A3BCE66326E884057 /* [CP] Copy Pods Resources */ = {
			isa = PBXShellScriptBuildPhase;
			buildActionMask = 2147483647;
			files = (
			);
			inputPaths = (
			);
			name = "[CP] Copy Pods Resources";
			outputPaths = (
			);
			runOnlyForDeploymentPostprocessing = 0;
			shellPath = /bin/sh;
			shellScript = "\"${SRCROOT}/Pods/Target Support Files/Pods-Seam3_Tests/Pods-Seam3_Tests-resources.sh\"\n";
			showEnvVarsInLog = 0;
		};
		02B1287B0CAC27EEA2FE3CD3 /* [CP] Embed Pods Frameworks */ = {
			isa = PBXShellScriptBuildPhase;
			buildActionMask = 2147483647;
			files = (
			);
			inputPaths = (
			);
			name = "[CP] Embed Pods Frameworks";
			outputPaths = (
			);
			runOnlyForDeploymentPostprocessing = 0;
			shellPath = /bin/sh;
			shellScript = "\"${SRCROOT}/Pods/Target Support Files/Pods-Seam3_Example/Pods-Seam3_Example-frameworks.sh\"\n";
			showEnvVarsInLog = 0;
		};
		0D4CA4AF30C6636D88DB426F /* [CP] Check Pods Manifest.lock */ = {
			isa = PBXShellScriptBuildPhase;
			buildActionMask = 2147483647;
			files = (
			);
			inputPaths = (
			);
			name = "[CP] Check Pods Manifest.lock";
			outputPaths = (
			);
			runOnlyForDeploymentPostprocessing = 0;
			shellPath = /bin/sh;
			shellScript = "diff \"${PODS_ROOT}/../Podfile.lock\" \"${PODS_ROOT}/Manifest.lock\" > /dev/null\nif [ $? != 0 ] ; then\n    # print error to STDERR\n    echo \"error: The sandbox is not in sync with the Podfile.lock. Run 'pod install' or update your CocoaPods installation.\" >&2\n    exit 1\nfi\n";
			showEnvVarsInLog = 0;
		};
		3EE34C4612C451DA041D0554 /* [CP] Copy Pods Resources */ = {
			isa = PBXShellScriptBuildPhase;
			buildActionMask = 2147483647;
			files = (
			);
			inputPaths = (
			);
			name = "[CP] Copy Pods Resources";
			outputPaths = (
			);
			runOnlyForDeploymentPostprocessing = 0;
			shellPath = /bin/sh;
			shellScript = "\"${SRCROOT}/Pods/Target Support Files/Pods-Seam3_Example_OSX/Pods-Seam3_Example_OSX-resources.sh\"\n";
			showEnvVarsInLog = 0;
		};
		4BD6828B15F10D51BCFDE28D /* [CP] Check Pods Manifest.lock */ = {
			isa = PBXShellScriptBuildPhase;
			buildActionMask = 2147483647;
			files = (
			);
			inputPaths = (
			);
			name = "[CP] Check Pods Manifest.lock";
			outputPaths = (
			);
			runOnlyForDeploymentPostprocessing = 0;
			shellPath = /bin/sh;
			shellScript = "diff \"${PODS_ROOT}/../Podfile.lock\" \"${PODS_ROOT}/Manifest.lock\" > /dev/null\nif [ $? != 0 ] ; then\n    # print error to STDERR\n    echo \"error: The sandbox is not in sync with the Podfile.lock. Run 'pod install' or update your CocoaPods installation.\" >&2\n    exit 1\nfi\n";
			showEnvVarsInLog = 0;
		};
		84901C07EFD92F51B65242A3 /* [CP] Copy Pods Resources */ = {
			isa = PBXShellScriptBuildPhase;
			buildActionMask = 2147483647;
			files = (
			);
			inputPaths = (
			);
			name = "[CP] Copy Pods Resources";
			outputPaths = (
			);
			runOnlyForDeploymentPostprocessing = 0;
			shellPath = /bin/sh;
			shellScript = "\"${SRCROOT}/Pods/Target Support Files/Pods-Seam3_Example/Pods-Seam3_Example-resources.sh\"\n";
			showEnvVarsInLog = 0;
		};
		A83AF6C423447B4F89FC50B4 /* [CP] Embed Pods Frameworks */ = {
			isa = PBXShellScriptBuildPhase;
			buildActionMask = 2147483647;
			files = (
			);
			inputPaths = (
			);
			name = "[CP] Embed Pods Frameworks";
			outputPaths = (
			);
			runOnlyForDeploymentPostprocessing = 0;
			shellPath = /bin/sh;
			shellScript = "\"${SRCROOT}/Pods/Target Support Files/Pods-Seam3_Tests/Pods-Seam3_Tests-frameworks.sh\"\n";
			showEnvVarsInLog = 0;
		};
		AAF2EF1292954783910280E7 /* [CP] Embed Pods Frameworks */ = {
			isa = PBXShellScriptBuildPhase;
			buildActionMask = 2147483647;
			files = (
			);
			inputPaths = (
			);
			name = "[CP] Embed Pods Frameworks";
			outputPaths = (
			);
			runOnlyForDeploymentPostprocessing = 0;
			shellPath = /bin/sh;
			shellScript = "\"${SRCROOT}/Pods/Target Support Files/Pods-Seam3_Example_OSX/Pods-Seam3_Example_OSX-frameworks.sh\"\n";
			showEnvVarsInLog = 0;
		};
		B3461A624C29963F06342B53 /* [CP] Check Pods Manifest.lock */ = {
			isa = PBXShellScriptBuildPhase;
			buildActionMask = 2147483647;
			files = (
			);
			inputPaths = (
			);
			name = "[CP] Check Pods Manifest.lock";
			outputPaths = (
			);
			runOnlyForDeploymentPostprocessing = 0;
			shellPath = /bin/sh;
			shellScript = "diff \"${PODS_ROOT}/../Podfile.lock\" \"${PODS_ROOT}/Manifest.lock\" > /dev/null\nif [ $? != 0 ] ; then\n    # print error to STDERR\n    echo \"error: The sandbox is not in sync with the Podfile.lock. Run 'pod install' or update your CocoaPods installation.\" >&2\n    exit 1\nfi\n";
			showEnvVarsInLog = 0;
		};
		BB5A4692B126AB7E5D8FAD4B /* [CP] Check Pods Manifest.lock */ = {
			isa = PBXShellScriptBuildPhase;
			buildActionMask = 2147483647;
			files = (
			);
			inputPaths = (
			);
			name = "[CP] Check Pods Manifest.lock";
			outputPaths = (
			);
			runOnlyForDeploymentPostprocessing = 0;
			shellPath = /bin/sh;
			shellScript = "diff \"${PODS_ROOT}/../Podfile.lock\" \"${PODS_ROOT}/Manifest.lock\" > /dev/null\nif [ $? != 0 ] ; then\n    # print error to STDERR\n    echo \"error: The sandbox is not in sync with the Podfile.lock. Run 'pod install' or update your CocoaPods installation.\" >&2\n    exit 1\nfi\n";
			showEnvVarsInLog = 0;
		};
		CBEB772B2040A70DCD0B1CCD /* [CP] Embed Pods Frameworks */ = {
			isa = PBXShellScriptBuildPhase;
			buildActionMask = 2147483647;
			files = (
			);
			inputPaths = (
			);
			name = "[CP] Embed Pods Frameworks";
			outputPaths = (
			);
			runOnlyForDeploymentPostprocessing = 0;
			shellPath = /bin/sh;
			shellScript = "\"${SRCROOT}/Pods/Target Support Files/Pods-Seam3_Example_TVOS/Pods-Seam3_Example_TVOS-frameworks.sh\"\n";
			showEnvVarsInLog = 0;
		};
		F1B20E6F22A5FFFE3516183C /* [CP] Copy Pods Resources */ = {
			isa = PBXShellScriptBuildPhase;
			buildActionMask = 2147483647;
			files = (
			);
			inputPaths = (
			);
			name = "[CP] Copy Pods Resources";
			outputPaths = (
			);
			runOnlyForDeploymentPostprocessing = 0;
			shellPath = /bin/sh;
			shellScript = "\"${SRCROOT}/Pods/Target Support Files/Pods-Seam3_Example_TVOS/Pods-Seam3_Example_TVOS-resources.sh\"\n";
			showEnvVarsInLog = 0;
		};
/* End PBXShellScriptBuildPhase section */

/* Begin PBXSourcesBuildPhase section */
		607FACCC1AFB9204008FA782 /* Sources */ = {
			isa = PBXSourcesBuildPhase;
			buildActionMask = 2147483647;
			files = (
				BB1B5C941E174E4500B4F890 /* DeviceTableViewCell.swift in Sources */,
				BB7BB2961E5E8522000ECBCB /* Seam3Demo.xcdatamodeld in Sources */,
				BB02C4511DEF9BEB0021375F /* MasterViewController.swift in Sources */,
				607FACD61AFB9204008FA782 /* AppDelegate.swift in Sources */,
				BB02C4501DEF9BEB0021375F /* DetailViewController.swift in Sources */,
			);
			runOnlyForDeploymentPostprocessing = 0;
		};
		607FACE11AFB9204008FA782 /* Sources */ = {
			isa = PBXSourcesBuildPhase;
			buildActionMask = 2147483647;
			files = (
				607FACEC1AFB9204008FA782 /* Tests.swift in Sources */,
			);
			runOnlyForDeploymentPostprocessing = 0;
		};
		BB7BB2721E5BCC93000ECBCB /* Sources */ = {
			isa = PBXSourcesBuildPhase;
			buildActionMask = 2147483647;
			files = (
				BB7BB27B1E5BCC93000ECBCB /* ViewController.swift in Sources */,
				BB7BB2941E5E851D000ECBCB /* Seam3Demo.xcdatamodeld in Sources */,
				BB7BB2791E5BCC93000ECBCB /* AppDelegate.swift in Sources */,
				BB7BB28F1E5D18B0000ECBCB /* EventTableViewCell.swift in Sources */,
				BB7BB28D1E5D18A4000ECBCB /* DeviceTableViewCell.swift in Sources */,
			);
			runOnlyForDeploymentPostprocessing = 0;
		};
		BB9341491E57ECC500A0A63A /* Sources */ = {
			isa = PBXSourcesBuildPhase;
			buildActionMask = 2147483647;
			files = (
				BB7BB2951E5E8521000ECBCB /* Seam3Demo.xcdatamodeld in Sources */,
				BB7BB26D1E5AAC25000ECBCB /* DeviceTableViewController.swift in Sources */,
				BB7BB2701E5AAC37000ECBCB /* EventTableViewController.swift in Sources */,
				BB9341501E57ECC500A0A63A /* AppDelegate.swift in Sources */,
			);
			runOnlyForDeploymentPostprocessing = 0;
		};
/* End PBXSourcesBuildPhase section */

/* Begin PBXTargetDependency section */
		607FACE71AFB9204008FA782 /* PBXTargetDependency */ = {
			isa = PBXTargetDependency;
			target = 607FACCF1AFB9204008FA782 /* Seam3_Example */;
			targetProxy = 607FACE61AFB9204008FA782 /* PBXContainerItemProxy */;
		};
/* End PBXTargetDependency section */

/* Begin PBXVariantGroup section */
		607FACD91AFB9204008FA782 /* Main.storyboard */ = {
			isa = PBXVariantGroup;
			children = (
				607FACDA1AFB9204008FA782 /* Base */,
			);
			name = Main.storyboard;
			sourceTree = "<group>";
		};
		607FACDE1AFB9204008FA782 /* LaunchScreen.xib */ = {
			isa = PBXVariantGroup;
			children = (
				607FACDF1AFB9204008FA782 /* Base */,
			);
			name = LaunchScreen.xib;
			sourceTree = "<group>";
		};
		BB7BB27F1E5BCC93000ECBCB /* Main.storyboard */ = {
			isa = PBXVariantGroup;
			children = (
				BB7BB2801E5BCC93000ECBCB /* Base */,
			);
			name = Main.storyboard;
			path = ../Seam3_Example_TVOS;
			sourceTree = "<group>";
		};
		BB9341581E57ECC500A0A63A /* Main.storyboard */ = {
			isa = PBXVariantGroup;
			children = (
				BB9341591E57ECC500A0A63A /* Base */,
			);
			name = Main.storyboard;
			sourceTree = "<group>";
		};
/* End PBXVariantGroup section */

/* Begin XCBuildConfiguration section */
		607FACED1AFB9204008FA782 /* Debug */ = {
			isa = XCBuildConfiguration;
			buildSettings = {
				ALWAYS_SEARCH_USER_PATHS = NO;
				CLANG_CXX_LANGUAGE_STANDARD = "gnu++0x";
				CLANG_CXX_LIBRARY = "libc++";
				CLANG_ENABLE_MODULES = YES;
				CLANG_ENABLE_OBJC_ARC = YES;
				CLANG_WARN_BLOCK_CAPTURE_AUTORELEASING = YES;
				CLANG_WARN_BOOL_CONVERSION = YES;
				CLANG_WARN_COMMA = YES;
				CLANG_WARN_CONSTANT_CONVERSION = YES;
				CLANG_WARN_DIRECT_OBJC_ISA_USAGE = YES_ERROR;
				CLANG_WARN_EMPTY_BODY = YES;
				CLANG_WARN_ENUM_CONVERSION = YES;
				CLANG_WARN_INFINITE_RECURSION = YES;
				CLANG_WARN_INT_CONVERSION = YES;
				CLANG_WARN_NON_LITERAL_NULL_CONVERSION = YES;
				CLANG_WARN_OBJC_LITERAL_CONVERSION = YES;
				CLANG_WARN_OBJC_ROOT_CLASS = YES_ERROR;
				CLANG_WARN_RANGE_LOOP_ANALYSIS = YES;
				CLANG_WARN_STRICT_PROTOTYPES = YES;
				CLANG_WARN_SUSPICIOUS_MOVE = YES;
				CLANG_WARN_UNREACHABLE_CODE = YES;
				CLANG_WARN__DUPLICATE_METHOD_MATCH = YES;
				"CODE_SIGN_IDENTITY[sdk=iphoneos*]" = "iPhone Developer";
				COPY_PHASE_STRIP = NO;
				DEBUG_INFORMATION_FORMAT = "dwarf-with-dsym";
				ENABLE_STRICT_OBJC_MSGSEND = YES;
				ENABLE_TESTABILITY = YES;
				GCC_C_LANGUAGE_STANDARD = gnu99;
				GCC_DYNAMIC_NO_PIC = NO;
				GCC_NO_COMMON_BLOCKS = YES;
				GCC_OPTIMIZATION_LEVEL = 0;
				GCC_PREPROCESSOR_DEFINITIONS = (
					"DEBUG=1",
					"$(inherited)",
				);
				GCC_SYMBOLS_PRIVATE_EXTERN = NO;
				GCC_WARN_64_TO_32_BIT_CONVERSION = YES;
				GCC_WARN_ABOUT_RETURN_TYPE = YES_ERROR;
				GCC_WARN_UNDECLARED_SELECTOR = YES;
				GCC_WARN_UNINITIALIZED_AUTOS = YES_AGGRESSIVE;
				GCC_WARN_UNUSED_FUNCTION = YES;
				GCC_WARN_UNUSED_VARIABLE = YES;
				IPHONEOS_DEPLOYMENT_TARGET = 10.0;
				MTL_ENABLE_DEBUG_INFO = YES;
				ONLY_ACTIVE_ARCH = YES;
				SDKROOT = iphoneos;
				SWIFT_OPTIMIZATION_LEVEL = "-Onone";
			};
			name = Debug;
		};
		607FACEE1AFB9204008FA782 /* Release */ = {
			isa = XCBuildConfiguration;
			buildSettings = {
				ALWAYS_SEARCH_USER_PATHS = NO;
				CLANG_CXX_LANGUAGE_STANDARD = "gnu++0x";
				CLANG_CXX_LIBRARY = "libc++";
				CLANG_ENABLE_MODULES = YES;
				CLANG_ENABLE_OBJC_ARC = YES;
				CLANG_WARN_BLOCK_CAPTURE_AUTORELEASING = YES;
				CLANG_WARN_BOOL_CONVERSION = YES;
				CLANG_WARN_COMMA = YES;
				CLANG_WARN_CONSTANT_CONVERSION = YES;
				CLANG_WARN_DIRECT_OBJC_ISA_USAGE = YES_ERROR;
				CLANG_WARN_EMPTY_BODY = YES;
				CLANG_WARN_ENUM_CONVERSION = YES;
				CLANG_WARN_INFINITE_RECURSION = YES;
				CLANG_WARN_INT_CONVERSION = YES;
				CLANG_WARN_NON_LITERAL_NULL_CONVERSION = YES;
				CLANG_WARN_OBJC_LITERAL_CONVERSION = YES;
				CLANG_WARN_OBJC_ROOT_CLASS = YES_ERROR;
				CLANG_WARN_RANGE_LOOP_ANALYSIS = YES;
				CLANG_WARN_STRICT_PROTOTYPES = YES;
				CLANG_WARN_SUSPICIOUS_MOVE = YES;
				CLANG_WARN_UNREACHABLE_CODE = YES;
				CLANG_WARN__DUPLICATE_METHOD_MATCH = YES;
				"CODE_SIGN_IDENTITY[sdk=iphoneos*]" = "iPhone Developer";
				COPY_PHASE_STRIP = NO;
				DEBUG_INFORMATION_FORMAT = "dwarf-with-dsym";
				ENABLE_NS_ASSERTIONS = NO;
				ENABLE_STRICT_OBJC_MSGSEND = YES;
				GCC_C_LANGUAGE_STANDARD = gnu99;
				GCC_NO_COMMON_BLOCKS = YES;
				GCC_WARN_64_TO_32_BIT_CONVERSION = YES;
				GCC_WARN_ABOUT_RETURN_TYPE = YES_ERROR;
				GCC_WARN_UNDECLARED_SELECTOR = YES;
				GCC_WARN_UNINITIALIZED_AUTOS = YES_AGGRESSIVE;
				GCC_WARN_UNUSED_FUNCTION = YES;
				GCC_WARN_UNUSED_VARIABLE = YES;
				IPHONEOS_DEPLOYMENT_TARGET = 10.0;
				MTL_ENABLE_DEBUG_INFO = NO;
				SDKROOT = iphoneos;
				SWIFT_OPTIMIZATION_LEVEL = "-Owholemodule";
				VALIDATE_PRODUCT = YES;
			};
			name = Release;
		};
		607FACF01AFB9204008FA782 /* Debug */ = {
			isa = XCBuildConfiguration;
			baseConfigurationReference = C6DFA1354567D6965A366287 /* Pods-Seam3_Example.debug.xcconfig */;
			buildSettings = {
				ALWAYS_EMBED_SWIFT_STANDARD_LIBRARIES = YES;
				ASSETCATALOG_COMPILER_APPICON_NAME = AppIcon;
				CODE_SIGN_ENTITLEMENTS = Seam3_Example.entitlements;
				DEVELOPMENT_TEAM = UPP93EJ3U2;
				INFOPLIST_FILE = Seam3/Info.plist;
				IPHONEOS_DEPLOYMENT_TARGET = 10.0;
				LD_RUNPATH_SEARCH_PATHS = "$(inherited) @executable_path/Frameworks";
				MODULE_NAME = ExampleApp;
				PRODUCT_BUNDLE_IDENTIFIER = me.wilko.ios.Seam3.Example;
				PRODUCT_NAME = "$(TARGET_NAME)";
				SWIFT_SWIFT3_OBJC_INFERENCE = Default;
				SWIFT_VERSION = 4.0;
			};
			name = Debug;
		};
		607FACF11AFB9204008FA782 /* Release */ = {
			isa = XCBuildConfiguration;
			baseConfigurationReference = 7C070A0B5200D73DD91C1FC9 /* Pods-Seam3_Example.release.xcconfig */;
			buildSettings = {
				ALWAYS_EMBED_SWIFT_STANDARD_LIBRARIES = YES;
				ASSETCATALOG_COMPILER_APPICON_NAME = AppIcon;
				CODE_SIGN_ENTITLEMENTS = Seam3_Example.entitlements;
				DEVELOPMENT_TEAM = UPP93EJ3U2;
				INFOPLIST_FILE = Seam3/Info.plist;
				IPHONEOS_DEPLOYMENT_TARGET = 10.0;
				LD_RUNPATH_SEARCH_PATHS = "$(inherited) @executable_path/Frameworks";
				MODULE_NAME = ExampleApp;
				PRODUCT_BUNDLE_IDENTIFIER = me.wilko.ios.Seam3.Example;
				PRODUCT_NAME = "$(TARGET_NAME)";
				SWIFT_SWIFT3_OBJC_INFERENCE = Default;
				SWIFT_VERSION = 4.0;
			};
			name = Release;
		};
		607FACF31AFB9204008FA782 /* Debug */ = {
			isa = XCBuildConfiguration;
			baseConfigurationReference = 1869198D3CB5ED89E8C758BF /* Pods-Seam3_Tests.debug.xcconfig */;
			buildSettings = {
				DEVELOPMENT_TEAM = UPP93EJ3U2;
				FRAMEWORK_SEARCH_PATHS = (
					"$(SDKROOT)/Developer/Library/Frameworks",
					"$(inherited)",
				);
				GCC_PREPROCESSOR_DEFINITIONS = (
					"DEBUG=1",
					"$(inherited)",
				);
				INFOPLIST_FILE = Tests/Info.plist;
				LD_RUNPATH_SEARCH_PATHS = "$(inherited) @executable_path/Frameworks @loader_path/Frameworks";
				PRODUCT_BUNDLE_IDENTIFIER = "org.cocoapods.$(PRODUCT_NAME:rfc1034identifier)";
				PRODUCT_NAME = "$(TARGET_NAME)";
				SWIFT_SWIFT3_OBJC_INFERENCE = Default;
				SWIFT_VERSION = 4.0;
			};
			name = Debug;
		};
		607FACF41AFB9204008FA782 /* Release */ = {
			isa = XCBuildConfiguration;
			baseConfigurationReference = B5B20B29F0DB774105D4FD6D /* Pods-Seam3_Tests.release.xcconfig */;
			buildSettings = {
				DEVELOPMENT_TEAM = UPP93EJ3U2;
				FRAMEWORK_SEARCH_PATHS = (
					"$(SDKROOT)/Developer/Library/Frameworks",
					"$(inherited)",
				);
				INFOPLIST_FILE = Tests/Info.plist;
				LD_RUNPATH_SEARCH_PATHS = "$(inherited) @executable_path/Frameworks @loader_path/Frameworks";
				PRODUCT_BUNDLE_IDENTIFIER = "org.cocoapods.$(PRODUCT_NAME:rfc1034identifier)";
				PRODUCT_NAME = "$(TARGET_NAME)";
				SWIFT_SWIFT3_OBJC_INFERENCE = Default;
				SWIFT_VERSION = 4.0;
			};
			name = Release;
		};
		BB7BB2861E5BCC93000ECBCB /* Debug */ = {
			isa = XCBuildConfiguration;
			baseConfigurationReference = E336BFDF4A21BF975FB8156D /* Pods-Seam3_Example_TVOS.debug.xcconfig */;
			buildSettings = {
				ASSETCATALOG_COMPILER_APPICON_NAME = "App Icon & Top Shelf Image";
				ASSETCATALOG_COMPILER_LAUNCHIMAGE_NAME = LaunchImage;
				CLANG_ANALYZER_NONNULL = YES;
				CLANG_WARN_DOCUMENTATION_COMMENTS = YES;
				CODE_SIGN_ENTITLEMENTS = Seam3_Example_TVOS/Seam3_Example_TVOS.entitlements;
				"CODE_SIGN_IDENTITY[sdk=appletvos*]" = "iPhone Developer";
				DEBUG_INFORMATION_FORMAT = dwarf;
				DEVELOPMENT_TEAM = UPP93EJ3U2;
				INFOPLIST_FILE = "$(SRCROOT)/Seam3_Example_TVOS/Info.plist";
				LD_RUNPATH_SEARCH_PATHS = "$(inherited) @executable_path/Frameworks";
				PRODUCT_BUNDLE_IDENTIFIER = me.wilko.tvos.Seam3.Example;
				PRODUCT_NAME = "$(TARGET_NAME)";
				SDKROOT = appletvos;
				SWIFT_ACTIVE_COMPILATION_CONDITIONS = DEBUG;
				SWIFT_VERSION = 3.0;
				TARGETED_DEVICE_FAMILY = 3;
				TVOS_DEPLOYMENT_TARGET = 10.0;
			};
			name = Debug;
		};
		BB7BB2871E5BCC93000ECBCB /* Release */ = {
			isa = XCBuildConfiguration;
			baseConfigurationReference = 530C7ABFE647FCDD734E9F50 /* Pods-Seam3_Example_TVOS.release.xcconfig */;
			buildSettings = {
				ASSETCATALOG_COMPILER_APPICON_NAME = "App Icon & Top Shelf Image";
				ASSETCATALOG_COMPILER_LAUNCHIMAGE_NAME = LaunchImage;
				CLANG_ANALYZER_NONNULL = YES;
				CLANG_WARN_DOCUMENTATION_COMMENTS = YES;
				CODE_SIGN_ENTITLEMENTS = Seam3_Example_TVOS/Seam3_Example_TVOS.entitlements;
				"CODE_SIGN_IDENTITY[sdk=appletvos*]" = "iPhone Developer";
				DEVELOPMENT_TEAM = UPP93EJ3U2;
				INFOPLIST_FILE = "$(SRCROOT)/Seam3_Example_TVOS/Info.plist";
				LD_RUNPATH_SEARCH_PATHS = "$(inherited) @executable_path/Frameworks";
				PRODUCT_BUNDLE_IDENTIFIER = me.wilko.tvos.Seam3.Example;
				PRODUCT_NAME = "$(TARGET_NAME)";
				SDKROOT = appletvos;
				SWIFT_VERSION = 3.0;
				TARGETED_DEVICE_FAMILY = 3;
				TVOS_DEPLOYMENT_TARGET = 10.0;
			};
			name = Release;
		};
		BB93415C1E57ECC500A0A63A /* Debug */ = {
			isa = XCBuildConfiguration;
			baseConfigurationReference = E58C37E8E69937F8ECB6E3D9 /* Pods-Seam3_Example_OSX.debug.xcconfig */;
			buildSettings = {
				ASSETCATALOG_COMPILER_APPICON_NAME = AppIcon;
				CLANG_ANALYZER_NONNULL = YES;
				CLANG_WARN_DOCUMENTATION_COMMENTS = YES;
				CODE_SIGN_ENTITLEMENTS = Seam3_Example_OSX/Seam3_Example_OSX.entitlements;
				CODE_SIGN_IDENTITY = "Mac Developer";
				COMBINE_HIDPI_IMAGES = YES;
				DEBUG_INFORMATION_FORMAT = dwarf;
				DEVELOPMENT_TEAM = UPP93EJ3U2;
				INFOPLIST_FILE = Seam3_Example_OSX/Info.plist;
				LD_RUNPATH_SEARCH_PATHS = "$(inherited) @executable_path/../Frameworks";
				MACOSX_DEPLOYMENT_TARGET = 10.11;
				PRODUCT_BUNDLE_IDENTIFIER = me.wilko.osx.Seam3.Example;
				PRODUCT_NAME = "$(TARGET_NAME)";
				SDKROOT = macosx;
				SWIFT_ACTIVE_COMPILATION_CONDITIONS = DEBUG;
				SWIFT_VERSION = 3.0;
			};
			name = Debug;
		};
		BB93415D1E57ECC500A0A63A /* Release */ = {
			isa = XCBuildConfiguration;
			baseConfigurationReference = F6C1DF1517B5ED1CA75B0270 /* Pods-Seam3_Example_OSX.release.xcconfig */;
			buildSettings = {
				ASSETCATALOG_COMPILER_APPICON_NAME = AppIcon;
				CLANG_ANALYZER_NONNULL = YES;
				CLANG_WARN_DOCUMENTATION_COMMENTS = YES;
				CODE_SIGN_ENTITLEMENTS = Seam3_Example_OSX/Seam3_Example_OSX.entitlements;
				CODE_SIGN_IDENTITY = "Mac Developer";
				COMBINE_HIDPI_IMAGES = YES;
				DEVELOPMENT_TEAM = UPP93EJ3U2;
				INFOPLIST_FILE = Seam3_Example_OSX/Info.plist;
				LD_RUNPATH_SEARCH_PATHS = "$(inherited) @executable_path/../Frameworks";
				MACOSX_DEPLOYMENT_TARGET = 10.11;
				PRODUCT_BUNDLE_IDENTIFIER = me.wilko.osx.Seam3.Example;
				PRODUCT_NAME = "$(TARGET_NAME)";
				SDKROOT = macosx;
				SWIFT_VERSION = 3.0;
			};
			name = Release;
		};
/* End XCBuildConfiguration section */

/* Begin XCConfigurationList section */
		607FACCB1AFB9204008FA782 /* Build configuration list for PBXProject "Seam3" */ = {
			isa = XCConfigurationList;
			buildConfigurations = (
				607FACED1AFB9204008FA782 /* Debug */,
				607FACEE1AFB9204008FA782 /* Release */,
			);
			defaultConfigurationIsVisible = 0;
			defaultConfigurationName = Release;
		};
		607FACEF1AFB9204008FA782 /* Build configuration list for PBXNativeTarget "Seam3_Example" */ = {
			isa = XCConfigurationList;
			buildConfigurations = (
				607FACF01AFB9204008FA782 /* Debug */,
				607FACF11AFB9204008FA782 /* Release */,
			);
			defaultConfigurationIsVisible = 0;
			defaultConfigurationName = Release;
		};
		607FACF21AFB9204008FA782 /* Build configuration list for PBXNativeTarget "Seam3_Tests" */ = {
			isa = XCConfigurationList;
			buildConfigurations = (
				607FACF31AFB9204008FA782 /* Debug */,
				607FACF41AFB9204008FA782 /* Release */,
			);
			defaultConfigurationIsVisible = 0;
			defaultConfigurationName = Release;
		};
		BB7BB2851E5BCC93000ECBCB /* Build configuration list for PBXNativeTarget "Seam3_Example_TVOS" */ = {
			isa = XCConfigurationList;
			buildConfigurations = (
				BB7BB2861E5BCC93000ECBCB /* Debug */,
				BB7BB2871E5BCC93000ECBCB /* Release */,
			);
			defaultConfigurationIsVisible = 0;
			defaultConfigurationName = Release;
		};
		BB93415E1E57ECC500A0A63A /* Build configuration list for PBXNativeTarget "Seam3_Example_OSX" */ = {
			isa = XCConfigurationList;
			buildConfigurations = (
				BB93415C1E57ECC500A0A63A /* Debug */,
				BB93415D1E57ECC500A0A63A /* Release */,
			);
			defaultConfigurationIsVisible = 0;
			defaultConfigurationName = Release;
		};
/* End XCConfigurationList section */

/* Begin XCVersionGroup section */
		BB7BB2921E5E851D000ECBCB /* Seam3Demo.xcdatamodeld */ = {
			isa = XCVersionGroup;
			children = (
				BB7BB2931E5E851D000ECBCB /* Seam3Demo.xcdatamodel */,
			);
			currentVersion = BB7BB2931E5E851D000ECBCB /* Seam3Demo.xcdatamodel */;
			path = Seam3Demo.xcdatamodeld;
			sourceTree = "<group>";
			versionGroupType = wrapper.xcdatamodel;
		};
		BB9341531E57ECC500A0A63A /* Seam3_Example_OSX.xcdatamodeld */ = {
			isa = XCVersionGroup;
			children = (
				BB9341541E57ECC500A0A63A /* Seam3_Example_OSX.xcdatamodel */,
			);
			currentVersion = BB9341541E57ECC500A0A63A /* Seam3_Example_OSX.xcdatamodel */;
			path = Seam3_Example_OSX.xcdatamodeld;
			sourceTree = "<group>";
			versionGroupType = wrapper.xcdatamodel;
		};
/* End XCVersionGroup section */
	};
	rootObject = 607FACC81AFB9204008FA782 /* Project object */;
}
