// !$*UTF8*$!
{
	archiveVersion = 1;
	classes = {
	};
	objectVersion = 46;
	objects = {

/* Begin PBXBuildFile section */
		682CE148213C188C0006C2C7 /* CKRecord+NSManagedObject.swift in Sources */ = {isa = PBXBuildFile; fileRef = OBJ_9 /* CKRecord+NSManagedObject.swift */; };
		682CE149213C188C0006C2C7 /* CKRecordZone+Helpers.swift in Sources */ = {isa = PBXBuildFile; fileRef = OBJ_10 /* CKRecordZone+Helpers.swift */; };
		682CE14A213C188C0006C2C7 /* CKRecordZoneID+Helpers.swift in Sources */ = {isa = PBXBuildFile; fileRef = OBJ_11 /* CKRecordZoneID+Helpers.swift */; };
		682CE14B213C188C0006C2C7 /* NSEntityDescription+Helpers.swift in Sources */ = {isa = PBXBuildFile; fileRef = OBJ_12 /* NSEntityDescription+Helpers.swift */; };
		682CE14C213C188C0006C2C7 /* SMBatchDeleteResult.swift in Sources */ = {isa = PBXBuildFile; fileRef = 68ED0156213A39A500E0A1E7 /* SMBatchDeleteResult.swift */; };
		682CE14D213C188C0006C2C7 /* NSManagedObject+CKRecord.swift in Sources */ = {isa = PBXBuildFile; fileRef = OBJ_13 /* NSManagedObject+CKRecord.swift */; };
		682CE14E213C188C0006C2C7 /* NSManagedObjectContext+Helpers.swift in Sources */ = {isa = PBXBuildFile; fileRef = OBJ_14 /* NSManagedObjectContext+Helpers.swift */; };
		682CE14F213C188C0006C2C7 /* SMObjectDependencyGraph.swift in Sources */ = {isa = PBXBuildFile; fileRef = OBJ_15 /* SMObjectDependencyGraph.swift */; };
		682CE150213C188C0006C2C7 /* SMServerStoreSetupOperation.swift in Sources */ = {isa = PBXBuildFile; fileRef = OBJ_16 /* SMServerStoreSetupOperation.swift */; };
		682CE151213C188C0006C2C7 /* SMServerTokenHandler.swift in Sources */ = {isa = PBXBuildFile; fileRef = OBJ_17 /* SMServerTokenHandler.swift */; };
		682CE152213C188C0006C2C7 /* SMServerZoneLookupOperation.swift in Sources */ = {isa = PBXBuildFile; fileRef = OBJ_18 /* SMServerZoneLookupOperation.swift */; };
		682CE153213C188C0006C2C7 /* SMStore.swift in Sources */ = {isa = PBXBuildFile; fileRef = OBJ_19 /* SMStore.swift */; };
		682CE154213C188C0006C2C7 /* SMStoreChangeSetHandler.swift in Sources */ = {isa = PBXBuildFile; fileRef = OBJ_20 /* SMStoreChangeSetHandler.swift */; };
		682CE155213C188C0006C2C7 /* SMStoreSyncOperation.swift in Sources */ = {isa = PBXBuildFile; fileRef = OBJ_21 /* SMStoreSyncOperation.swift */; };
		682CE157213C188C0006C2C7 /* CloudKit.framework in Frameworks */ = {isa = PBXBuildFile; fileRef = C1E7E7D71FF8F40100F44A5A /* CloudKit.framework */; };
		682CE15F213C18EC0006C2C7 /* CKRecord+NSManagedObject.swift in Sources */ = {isa = PBXBuildFile; fileRef = OBJ_9 /* CKRecord+NSManagedObject.swift */; };
		682CE160213C18EC0006C2C7 /* CKRecordZone+Helpers.swift in Sources */ = {isa = PBXBuildFile; fileRef = OBJ_10 /* CKRecordZone+Helpers.swift */; };
		682CE161213C18EC0006C2C7 /* CKRecordZoneID+Helpers.swift in Sources */ = {isa = PBXBuildFile; fileRef = OBJ_11 /* CKRecordZoneID+Helpers.swift */; };
		682CE162213C18EC0006C2C7 /* NSEntityDescription+Helpers.swift in Sources */ = {isa = PBXBuildFile; fileRef = OBJ_12 /* NSEntityDescription+Helpers.swift */; };
		682CE163213C18EC0006C2C7 /* SMBatchDeleteResult.swift in Sources */ = {isa = PBXBuildFile; fileRef = 68ED0156213A39A500E0A1E7 /* SMBatchDeleteResult.swift */; };
		682CE164213C18EC0006C2C7 /* NSManagedObject+CKRecord.swift in Sources */ = {isa = PBXBuildFile; fileRef = OBJ_13 /* NSManagedObject+CKRecord.swift */; };
		682CE165213C18EC0006C2C7 /* NSManagedObjectContext+Helpers.swift in Sources */ = {isa = PBXBuildFile; fileRef = OBJ_14 /* NSManagedObjectContext+Helpers.swift */; };
		682CE166213C18EC0006C2C7 /* SMObjectDependencyGraph.swift in Sources */ = {isa = PBXBuildFile; fileRef = OBJ_15 /* SMObjectDependencyGraph.swift */; };
		682CE167213C18EC0006C2C7 /* SMServerStoreSetupOperation.swift in Sources */ = {isa = PBXBuildFile; fileRef = OBJ_16 /* SMServerStoreSetupOperation.swift */; };
		682CE168213C18EC0006C2C7 /* SMServerTokenHandler.swift in Sources */ = {isa = PBXBuildFile; fileRef = OBJ_17 /* SMServerTokenHandler.swift */; };
		682CE169213C18EC0006C2C7 /* SMServerZoneLookupOperation.swift in Sources */ = {isa = PBXBuildFile; fileRef = OBJ_18 /* SMServerZoneLookupOperation.swift */; };
		682CE16A213C18EC0006C2C7 /* SMStore.swift in Sources */ = {isa = PBXBuildFile; fileRef = OBJ_19 /* SMStore.swift */; };
		682CE16B213C18EC0006C2C7 /* SMStoreChangeSetHandler.swift in Sources */ = {isa = PBXBuildFile; fileRef = OBJ_20 /* SMStoreChangeSetHandler.swift */; };
		682CE16C213C18EC0006C2C7 /* SMStoreSyncOperation.swift in Sources */ = {isa = PBXBuildFile; fileRef = OBJ_21 /* SMStoreSyncOperation.swift */; };
		682CE16E213C18EC0006C2C7 /* CloudKit.framework in Frameworks */ = {isa = PBXBuildFile; fileRef = C1E7E7D71FF8F40100F44A5A /* CloudKit.framework */; };
		68DB9AC6213B9779002E35C3 /* CKRecord+NSManagedObject.swift in Sources */ = {isa = PBXBuildFile; fileRef = OBJ_9 /* CKRecord+NSManagedObject.swift */; };
		68DB9AC7213B9779002E35C3 /* CKRecordZone+Helpers.swift in Sources */ = {isa = PBXBuildFile; fileRef = OBJ_10 /* CKRecordZone+Helpers.swift */; };
		68DB9AC8213B9779002E35C3 /* CKRecordZoneID+Helpers.swift in Sources */ = {isa = PBXBuildFile; fileRef = OBJ_11 /* CKRecordZoneID+Helpers.swift */; };
		68DB9AC9213B9779002E35C3 /* NSEntityDescription+Helpers.swift in Sources */ = {isa = PBXBuildFile; fileRef = OBJ_12 /* NSEntityDescription+Helpers.swift */; };
		68DB9ACA213B9779002E35C3 /* SMBatchDeleteResult.swift in Sources */ = {isa = PBXBuildFile; fileRef = 68ED0156213A39A500E0A1E7 /* SMBatchDeleteResult.swift */; };
		68DB9ACB213B9779002E35C3 /* NSManagedObject+CKRecord.swift in Sources */ = {isa = PBXBuildFile; fileRef = OBJ_13 /* NSManagedObject+CKRecord.swift */; };
		68DB9ACC213B9779002E35C3 /* NSManagedObjectContext+Helpers.swift in Sources */ = {isa = PBXBuildFile; fileRef = OBJ_14 /* NSManagedObjectContext+Helpers.swift */; };
		68DB9ACD213B9779002E35C3 /* SMObjectDependencyGraph.swift in Sources */ = {isa = PBXBuildFile; fileRef = OBJ_15 /* SMObjectDependencyGraph.swift */; };
		68DB9ACE213B9779002E35C3 /* SMServerStoreSetupOperation.swift in Sources */ = {isa = PBXBuildFile; fileRef = OBJ_16 /* SMServerStoreSetupOperation.swift */; };
		68DB9ACF213B9779002E35C3 /* SMServerTokenHandler.swift in Sources */ = {isa = PBXBuildFile; fileRef = OBJ_17 /* SMServerTokenHandler.swift */; };
		68DB9AD0213B9779002E35C3 /* SMServerZoneLookupOperation.swift in Sources */ = {isa = PBXBuildFile; fileRef = OBJ_18 /* SMServerZoneLookupOperation.swift */; };
		68DB9AD1213B9779002E35C3 /* SMStore.swift in Sources */ = {isa = PBXBuildFile; fileRef = OBJ_19 /* SMStore.swift */; };
		68DB9AD2213B9779002E35C3 /* SMStoreChangeSetHandler.swift in Sources */ = {isa = PBXBuildFile; fileRef = OBJ_20 /* SMStoreChangeSetHandler.swift */; };
		68DB9AD3213B9779002E35C3 /* SMStoreSyncOperation.swift in Sources */ = {isa = PBXBuildFile; fileRef = OBJ_21 /* SMStoreSyncOperation.swift */; };
		68DB9AD5213B9779002E35C3 /* CloudKit.framework in Frameworks */ = {isa = PBXBuildFile; fileRef = C1E7E7D71FF8F40100F44A5A /* CloudKit.framework */; };
		68ED0157213A39A500E0A1E7 /* SMBatchDeleteResult.swift in Sources */ = {isa = PBXBuildFile; fileRef = 68ED0156213A39A500E0A1E7 /* SMBatchDeleteResult.swift */; };
		BBCB6B3D21E40CA60073BACA /* SMLogger.swift in Sources */ = {isa = PBXBuildFile; fileRef = BBCB6B3C21E40CA60073BACA /* SMLogger.swift */; };
		BBCB6B4521E5566D0073BACA /* SMLogger.swift in Sources */ = {isa = PBXBuildFile; fileRef = BBCB6B3C21E40CA60073BACA /* SMLogger.swift */; };
		BBCB6B4621E5566E0073BACA /* SMLogger.swift in Sources */ = {isa = PBXBuildFile; fileRef = BBCB6B3C21E40CA60073BACA /* SMLogger.swift */; };
		BBCB6B4721E5566F0073BACA /* SMLogger.swift in Sources */ = {isa = PBXBuildFile; fileRef = BBCB6B3C21E40CA60073BACA /* SMLogger.swift */; };
		C1E7E7C31FF8F1BA00F44A5A /* CKRecord+NSManagedObject.swift in Sources */ = {isa = PBXBuildFile; fileRef = OBJ_9 /* CKRecord+NSManagedObject.swift */; };
		C1E7E7C41FF8F1BA00F44A5A /* CKRecordZone+Helpers.swift in Sources */ = {isa = PBXBuildFile; fileRef = OBJ_10 /* CKRecordZone+Helpers.swift */; };
		C1E7E7C51FF8F1BA00F44A5A /* CKRecordZoneID+Helpers.swift in Sources */ = {isa = PBXBuildFile; fileRef = OBJ_11 /* CKRecordZoneID+Helpers.swift */; };
		C1E7E7C61FF8F1BA00F44A5A /* NSEntityDescription+Helpers.swift in Sources */ = {isa = PBXBuildFile; fileRef = OBJ_12 /* NSEntityDescription+Helpers.swift */; };
		C1E7E7C71FF8F1BA00F44A5A /* NSManagedObject+CKRecord.swift in Sources */ = {isa = PBXBuildFile; fileRef = OBJ_13 /* NSManagedObject+CKRecord.swift */; };
		C1E7E7C81FF8F1BA00F44A5A /* NSManagedObjectContext+Helpers.swift in Sources */ = {isa = PBXBuildFile; fileRef = OBJ_14 /* NSManagedObjectContext+Helpers.swift */; };
		C1E7E7C91FF8F1BA00F44A5A /* SMObjectDependencyGraph.swift in Sources */ = {isa = PBXBuildFile; fileRef = OBJ_15 /* SMObjectDependencyGraph.swift */; };
		C1E7E7CA1FF8F1BA00F44A5A /* SMServerStoreSetupOperation.swift in Sources */ = {isa = PBXBuildFile; fileRef = OBJ_16 /* SMServerStoreSetupOperation.swift */; };
		C1E7E7CB1FF8F1BA00F44A5A /* SMServerTokenHandler.swift in Sources */ = {isa = PBXBuildFile; fileRef = OBJ_17 /* SMServerTokenHandler.swift */; };
		C1E7E7CC1FF8F1BA00F44A5A /* SMServerZoneLookupOperation.swift in Sources */ = {isa = PBXBuildFile; fileRef = OBJ_18 /* SMServerZoneLookupOperation.swift */; };
		C1E7E7CD1FF8F1BA00F44A5A /* SMStore.swift in Sources */ = {isa = PBXBuildFile; fileRef = OBJ_19 /* SMStore.swift */; };
		C1E7E7CE1FF8F1BA00F44A5A /* SMStoreChangeSetHandler.swift in Sources */ = {isa = PBXBuildFile; fileRef = OBJ_20 /* SMStoreChangeSetHandler.swift */; };
		C1E7E7CF1FF8F1BA00F44A5A /* SMStoreSyncOperation.swift in Sources */ = {isa = PBXBuildFile; fileRef = OBJ_21 /* SMStoreSyncOperation.swift */; };
		C1E7E7D91FF8F42400F44A5A /* CloudKit.framework in Frameworks */ = {isa = PBXBuildFile; fileRef = C1E7E7D71FF8F40100F44A5A /* CloudKit.framework */; };
/* End PBXBuildFile section */

/* Begin PBXFileReference section */
		68019A28213AD91600E49254 /* Seam3-watchOS Info.plist */ = {isa = PBXFileReference; fileEncoding = 4; lastKnownFileType = text.plist.xml; name = "Seam3-watchOS Info.plist"; path = "Sources/Assets/Resources/watchOS/Seam3-watchOS Info.plist"; sourceTree = "<group>"; };
		68019A29213AD91F00E49254 /* Seam3-iOS Info.plist */ = {isa = PBXFileReference; fileEncoding = 4; lastKnownFileType = text.plist.xml; name = "Seam3-iOS Info.plist"; path = "Sources/Assets/Resources/iOS/Seam3-iOS Info.plist"; sourceTree = "<group>"; };
		682CE15B213C188C0006C2C7 /* Seam3.framework */ = {isa = PBXFileReference; explicitFileType = wrapper.framework; includeInIndex = 0; path = Seam3.framework; sourceTree = BUILT_PRODUCTS_DIR; };
		682CE15C213C188C0006C2C7 /* Seam3-macOS Info.plist */ = {isa = PBXFileReference; lastKnownFileType = text.plist.xml; name = "Seam3-macOS Info.plist"; path = "Sources/Assets/Resources/macOS/Seam3-macOS Info.plist"; sourceTree = "<group>"; };
		682CE172213C18EC0006C2C7 /* Seam3.framework */ = {isa = PBXFileReference; explicitFileType = wrapper.framework; includeInIndex = 0; path = Seam3.framework; sourceTree = BUILT_PRODUCTS_DIR; };
		682CE173213C18EC0006C2C7 /* Seam3-tvOS Info.plist */ = {isa = PBXFileReference; lastKnownFileType = text.plist.xml; name = "Seam3-tvOS Info.plist"; path = "Sources/Assets/Resources/tvOS/Seam3-tvOS Info.plist"; sourceTree = "<group>"; };
		6844E479213ADDDD00A8F696 /* Seam3.framework */ = {isa = PBXFileReference; explicitFileType = wrapper.framework; includeInIndex = 0; path = Seam3.framework; sourceTree = BUILT_PRODUCTS_DIR; };
		68DB9AD9213B9779002E35C3 /* Seam3.framework */ = {isa = PBXFileReference; explicitFileType = wrapper.framework; includeInIndex = 0; path = Seam3.framework; sourceTree = BUILT_PRODUCTS_DIR; };
		68ED0156213A39A500E0A1E7 /* SMBatchDeleteResult.swift */ = {isa = PBXFileReference; fileEncoding = 4; lastKnownFileType = sourcecode.swift; path = SMBatchDeleteResult.swift; sourceTree = "<group>"; };
		BBCB6B3C21E40CA60073BACA /* SMLogger.swift */ = {isa = PBXFileReference; fileEncoding = 4; lastKnownFileType = sourcecode.swift; path = SMLogger.swift; sourceTree = "<group>"; };
		C1E7E7D71FF8F40100F44A5A /* CloudKit.framework */ = {isa = PBXFileReference; lastKnownFileType = wrapper.framework; name = CloudKit.framework; path = System/Library/Frameworks/CloudKit.framework; sourceTree = SDKROOT; };
		OBJ_10 /* CKRecordZone+Helpers.swift */ = {isa = PBXFileReference; lastKnownFileType = sourcecode.swift; path = "CKRecordZone+Helpers.swift"; sourceTree = "<group>"; };
		OBJ_11 /* CKRecordZoneID+Helpers.swift */ = {isa = PBXFileReference; lastKnownFileType = sourcecode.swift; path = "CKRecordZoneID+Helpers.swift"; sourceTree = "<group>"; };
		OBJ_12 /* NSEntityDescription+Helpers.swift */ = {isa = PBXFileReference; lastKnownFileType = sourcecode.swift; path = "NSEntityDescription+Helpers.swift"; sourceTree = "<group>"; };
		OBJ_13 /* NSManagedObject+CKRecord.swift */ = {isa = PBXFileReference; lastKnownFileType = sourcecode.swift; path = "NSManagedObject+CKRecord.swift"; sourceTree = "<group>"; };
		OBJ_14 /* NSManagedObjectContext+Helpers.swift */ = {isa = PBXFileReference; lastKnownFileType = sourcecode.swift; path = "NSManagedObjectContext+Helpers.swift"; sourceTree = "<group>"; };
		OBJ_15 /* SMObjectDependencyGraph.swift */ = {isa = PBXFileReference; lastKnownFileType = sourcecode.swift; path = SMObjectDependencyGraph.swift; sourceTree = "<group>"; };
		OBJ_16 /* SMServerStoreSetupOperation.swift */ = {isa = PBXFileReference; lastKnownFileType = sourcecode.swift; path = SMServerStoreSetupOperation.swift; sourceTree = "<group>"; };
		OBJ_17 /* SMServerTokenHandler.swift */ = {isa = PBXFileReference; lastKnownFileType = sourcecode.swift; path = SMServerTokenHandler.swift; sourceTree = "<group>"; };
		OBJ_18 /* SMServerZoneLookupOperation.swift */ = {isa = PBXFileReference; lastKnownFileType = sourcecode.swift; path = SMServerZoneLookupOperation.swift; sourceTree = "<group>"; };
		OBJ_19 /* SMStore.swift */ = {isa = PBXFileReference; lastKnownFileType = sourcecode.swift; path = SMStore.swift; sourceTree = "<group>"; };
		OBJ_20 /* SMStoreChangeSetHandler.swift */ = {isa = PBXFileReference; lastKnownFileType = sourcecode.swift; path = SMStoreChangeSetHandler.swift; sourceTree = "<group>"; };
		OBJ_21 /* SMStoreSyncOperation.swift */ = {isa = PBXFileReference; lastKnownFileType = sourcecode.swift; path = SMStoreSyncOperation.swift; sourceTree = "<group>"; };
		OBJ_6 /* Package.swift */ = {isa = PBXFileReference; explicitFileType = sourcecode.swift; path = Package.swift; sourceTree = "<group>"; };
		OBJ_9 /* CKRecord+NSManagedObject.swift */ = {isa = PBXFileReference; lastKnownFileType = sourcecode.swift; path = "CKRecord+NSManagedObject.swift"; sourceTree = "<group>"; };
/* End PBXFileReference section */

/* Begin PBXFrameworksBuildPhase section */
		682CE156213C188C0006C2C7 /* Frameworks */ = {
			isa = PBXFrameworksBuildPhase;
			buildActionMask = 0;
			files = (
				682CE157213C188C0006C2C7 /* CloudKit.framework in Frameworks */,
			);
			runOnlyForDeploymentPostprocessing = 0;
		};
		682CE16D213C18EC0006C2C7 /* Frameworks */ = {
			isa = PBXFrameworksBuildPhase;
			buildActionMask = 0;
			files = (
				682CE16E213C18EC0006C2C7 /* CloudKit.framework in Frameworks */,
			);
			runOnlyForDeploymentPostprocessing = 0;
		};
		68DB9AD4213B9779002E35C3 /* Frameworks */ = {
			isa = PBXFrameworksBuildPhase;
			buildActionMask = 0;
			files = (
				68DB9AD5213B9779002E35C3 /* CloudKit.framework in Frameworks */,
			);
			runOnlyForDeploymentPostprocessing = 0;
		};
		C1E7E7D01FF8F1BA00F44A5A /* Frameworks */ = {
			isa = PBXFrameworksBuildPhase;
			buildActionMask = 0;
			files = (
				C1E7E7D91FF8F42400F44A5A /* CloudKit.framework in Frameworks */,
			);
			runOnlyForDeploymentPostprocessing = 0;
		};
/* End PBXFrameworksBuildPhase section */

/* Begin PBXGroup section */
		C1E7E7D61FF8F40100F44A5A /* Frameworks */ = {
			isa = PBXGroup;
			children = (
				C1E7E7D71FF8F40100F44A5A /* CloudKit.framework */,
			);
			name = Frameworks;
			sourceTree = "<group>";
		};
		OBJ_5 = {
			isa = PBXGroup;
			children = (
				OBJ_6 /* Package.swift */,
				OBJ_7 /* Sources */,
				C1E7E7D61FF8F40100F44A5A /* Frameworks */,
				6844E479213ADDDD00A8F696 /* Seam3.framework */,
				68DB9AD9213B9779002E35C3 /* Seam3.framework */,
				682CE15B213C188C0006C2C7 /* Seam3.framework */,
				682CE172213C18EC0006C2C7 /* Seam3.framework */,
			);
			sourceTree = "<group>";
		};
		OBJ_7 /* Sources */ = {
			isa = PBXGroup;
			children = (
				OBJ_8 /* Classes */,
				68019A29213AD91F00E49254 /* Seam3-iOS Info.plist */,
				68019A28213AD91600E49254 /* Seam3-watchOS Info.plist */,
				682CE15C213C188C0006C2C7 /* Seam3-macOS Info.plist */,
				682CE173213C18EC0006C2C7 /* Seam3-tvOS Info.plist */,
			);
			name = Sources;
			sourceTree = SOURCE_ROOT;
		};
		OBJ_8 /* Classes */ = {
			isa = PBXGroup;
			children = (
				OBJ_9 /* CKRecord+NSManagedObject.swift */,
				OBJ_10 /* CKRecordZone+Helpers.swift */,
				OBJ_11 /* CKRecordZoneID+Helpers.swift */,
				OBJ_12 /* NSEntityDescription+Helpers.swift */,
				OBJ_13 /* NSManagedObject+CKRecord.swift */,
				OBJ_14 /* NSManagedObjectContext+Helpers.swift */,
				68ED0156213A39A500E0A1E7 /* SMBatchDeleteResult.swift */,
				OBJ_15 /* SMObjectDependencyGraph.swift */,
				OBJ_16 /* SMServerStoreSetupOperation.swift */,
				OBJ_17 /* SMServerTokenHandler.swift */,
				OBJ_18 /* SMServerZoneLookupOperation.swift */,
				OBJ_19 /* SMStore.swift */,
				OBJ_20 /* SMStoreChangeSetHandler.swift */,
				OBJ_21 /* SMStoreSyncOperation.swift */,
				BBCB6B3C21E40CA60073BACA /* SMLogger.swift */,
			);
			name = Classes;
			path = Sources/Classes;
			sourceTree = SOURCE_ROOT;
		};
/* End PBXGroup section */

/* Begin PBXNativeTarget section */
		682CE146213C188C0006C2C7 /* Seam3 (macOS) */ = {
			isa = PBXNativeTarget;
			buildConfigurationList = 682CE158213C188C0006C2C7 /* Build configuration list for PBXNativeTarget "Seam3 (macOS)" */;
			buildPhases = (
				682CE147213C188C0006C2C7 /* Sources */,
				682CE156213C188C0006C2C7 /* Frameworks */,
			);
			buildRules = (
			);
			dependencies = (
			);
			name = "Seam3 (macOS)";
			productName = Classes;
			productReference = 682CE15B213C188C0006C2C7 /* Seam3.framework */;
			productType = "com.apple.product-type.framework";
		};
		682CE15D213C18EC0006C2C7 /* Seam3 (tvOS) */ = {
			isa = PBXNativeTarget;
			buildConfigurationList = 682CE16F213C18EC0006C2C7 /* Build configuration list for PBXNativeTarget "Seam3 (tvOS)" */;
			buildPhases = (
				682CE15E213C18EC0006C2C7 /* Sources */,
				682CE16D213C18EC0006C2C7 /* Frameworks */,
			);
			buildRules = (
			);
			dependencies = (
			);
			name = "Seam3 (tvOS)";
			productName = Classes;
			productReference = 682CE172213C18EC0006C2C7 /* Seam3.framework */;
			productType = "com.apple.product-type.framework";
		};
		68DB9AC4213B9779002E35C3 /* Seam3 (watchOS) */ = {
			isa = PBXNativeTarget;
			buildConfigurationList = 68DB9AD6213B9779002E35C3 /* Build configuration list for PBXNativeTarget "Seam3 (watchOS)" */;
			buildPhases = (
				68DB9AC5213B9779002E35C3 /* Sources */,
				68DB9AD4213B9779002E35C3 /* Frameworks */,
			);
			buildRules = (
			);
			dependencies = (
			);
			name = "Seam3 (watchOS)";
			productName = Classes;
			productReference = 68DB9AD9213B9779002E35C3 /* Seam3.framework */;
			productType = "com.apple.product-type.framework";
		};
		C1E7E7C11FF8F1BA00F44A5A /* Seam3 (iOS) */ = {
			isa = PBXNativeTarget;
			buildConfigurationList = C1E7E7D11FF8F1BA00F44A5A /* Build configuration list for PBXNativeTarget "Seam3 (iOS)" */;
			buildPhases = (
				C1E7E7C21FF8F1BA00F44A5A /* Sources */,
				C1E7E7D01FF8F1BA00F44A5A /* Frameworks */,
			);
			buildRules = (
			);
			dependencies = (
			);
			name = "Seam3 (iOS)";
			productName = Classes;
			productReference = 6844E479213ADDDD00A8F696 /* Seam3.framework */;
			productType = "com.apple.product-type.framework";
		};
/* End PBXNativeTarget section */

/* Begin PBXProject section */
		OBJ_1 /* Project object */ = {
			isa = PBXProject;
			attributes = {
				LastUpgradeCheck = 1020;
				TargetAttributes = {
					682CE146213C188C0006C2C7 = {
						ProvisioningStyle = Automatic;
					};
					682CE15D213C18EC0006C2C7 = {
						ProvisioningStyle = Automatic;
					};
					68DB9AC4213B9779002E35C3 = {
						ProvisioningStyle = Automatic;
					};
					C1E7E7C11FF8F1BA00F44A5A = {
						LastSwiftMigration = 1000;
						ProvisioningStyle = Automatic;
					};
				};
			};
			buildConfigurationList = OBJ_2 /* Build configuration list for PBXProject "Seam3" */;
			compatibilityVersion = "Xcode 3.2";
			developmentRegion = English;
			hasScannedForEncodings = 0;
			knownRegions = (
				English,
				en,
			);
			mainGroup = OBJ_5;
			productRefGroup = OBJ_5;
			projectDirPath = "";
			projectRoot = "";
			targets = (
				C1E7E7C11FF8F1BA00F44A5A /* Seam3 (iOS) */,
				68DB9AC4213B9779002E35C3 /* Seam3 (watchOS) */,
				682CE146213C188C0006C2C7 /* Seam3 (macOS) */,
				682CE15D213C18EC0006C2C7 /* Seam3 (tvOS) */,
			);
		};
/* End PBXProject section */

/* Begin PBXSourcesBuildPhase section */
		682CE147213C188C0006C2C7 /* Sources */ = {
			isa = PBXSourcesBuildPhase;
			buildActionMask = 0;
			files = (
				682CE148213C188C0006C2C7 /* CKRecord+NSManagedObject.swift in Sources */,
				682CE149213C188C0006C2C7 /* CKRecordZone+Helpers.swift in Sources */,
				682CE14A213C188C0006C2C7 /* CKRecordZoneID+Helpers.swift in Sources */,
				682CE14B213C188C0006C2C7 /* NSEntityDescription+Helpers.swift in Sources */,
				682CE14C213C188C0006C2C7 /* SMBatchDeleteResult.swift in Sources */,
				682CE14D213C188C0006C2C7 /* NSManagedObject+CKRecord.swift in Sources */,
				682CE14E213C188C0006C2C7 /* NSManagedObjectContext+Helpers.swift in Sources */,
				682CE14F213C188C0006C2C7 /* SMObjectDependencyGraph.swift in Sources */,
				682CE150213C188C0006C2C7 /* SMServerStoreSetupOperation.swift in Sources */,
				BBCB6B4621E5566E0073BACA /* SMLogger.swift in Sources */,
				682CE151213C188C0006C2C7 /* SMServerTokenHandler.swift in Sources */,
				682CE152213C188C0006C2C7 /* SMServerZoneLookupOperation.swift in Sources */,
				682CE153213C188C0006C2C7 /* SMStore.swift in Sources */,
				682CE154213C188C0006C2C7 /* SMStoreChangeSetHandler.swift in Sources */,
				682CE155213C188C0006C2C7 /* SMStoreSyncOperation.swift in Sources */,
			);
			runOnlyForDeploymentPostprocessing = 0;
		};
		682CE15E213C18EC0006C2C7 /* Sources */ = {
			isa = PBXSourcesBuildPhase;
			buildActionMask = 0;
			files = (
				682CE15F213C18EC0006C2C7 /* CKRecord+NSManagedObject.swift in Sources */,
				682CE160213C18EC0006C2C7 /* CKRecordZone+Helpers.swift in Sources */,
				682CE161213C18EC0006C2C7 /* CKRecordZoneID+Helpers.swift in Sources */,
				682CE162213C18EC0006C2C7 /* NSEntityDescription+Helpers.swift in Sources */,
				682CE163213C18EC0006C2C7 /* SMBatchDeleteResult.swift in Sources */,
				682CE164213C18EC0006C2C7 /* NSManagedObject+CKRecord.swift in Sources */,
				682CE165213C18EC0006C2C7 /* NSManagedObjectContext+Helpers.swift in Sources */,
				682CE166213C18EC0006C2C7 /* SMObjectDependencyGraph.swift in Sources */,
				682CE167213C18EC0006C2C7 /* SMServerStoreSetupOperation.swift in Sources */,
				BBCB6B4721E5566F0073BACA /* SMLogger.swift in Sources */,
				682CE168213C18EC0006C2C7 /* SMServerTokenHandler.swift in Sources */,
				682CE169213C18EC0006C2C7 /* SMServerZoneLookupOperation.swift in Sources */,
				682CE16A213C18EC0006C2C7 /* SMStore.swift in Sources */,
				682CE16B213C18EC0006C2C7 /* SMStoreChangeSetHandler.swift in Sources */,
				682CE16C213C18EC0006C2C7 /* SMStoreSyncOperation.swift in Sources */,
			);
			runOnlyForDeploymentPostprocessing = 0;
		};
		68DB9AC5213B9779002E35C3 /* Sources */ = {
			isa = PBXSourcesBuildPhase;
			buildActionMask = 0;
			files = (
				68DB9AC6213B9779002E35C3 /* CKRecord+NSManagedObject.swift in Sources */,
				68DB9AC7213B9779002E35C3 /* CKRecordZone+Helpers.swift in Sources */,
				68DB9AC8213B9779002E35C3 /* CKRecordZoneID+Helpers.swift in Sources */,
				68DB9AC9213B9779002E35C3 /* NSEntityDescription+Helpers.swift in Sources */,
				68DB9ACA213B9779002E35C3 /* SMBatchDeleteResult.swift in Sources */,
				68DB9ACB213B9779002E35C3 /* NSManagedObject+CKRecord.swift in Sources */,
				68DB9ACC213B9779002E35C3 /* NSManagedObjectContext+Helpers.swift in Sources */,
				68DB9ACD213B9779002E35C3 /* SMObjectDependencyGraph.swift in Sources */,
				68DB9ACE213B9779002E35C3 /* SMServerStoreSetupOperation.swift in Sources */,
				BBCB6B4521E5566D0073BACA /* SMLogger.swift in Sources */,
				68DB9ACF213B9779002E35C3 /* SMServerTokenHandler.swift in Sources */,
				68DB9AD0213B9779002E35C3 /* SMServerZoneLookupOperation.swift in Sources */,
				68DB9AD1213B9779002E35C3 /* SMStore.swift in Sources */,
				68DB9AD2213B9779002E35C3 /* SMStoreChangeSetHandler.swift in Sources */,
				68DB9AD3213B9779002E35C3 /* SMStoreSyncOperation.swift in Sources */,
			);
			runOnlyForDeploymentPostprocessing = 0;
		};
		C1E7E7C21FF8F1BA00F44A5A /* Sources */ = {
			isa = PBXSourcesBuildPhase;
			buildActionMask = 0;
			files = (
				C1E7E7C31FF8F1BA00F44A5A /* CKRecord+NSManagedObject.swift in Sources */,
				C1E7E7C41FF8F1BA00F44A5A /* CKRecordZone+Helpers.swift in Sources */,
				C1E7E7C51FF8F1BA00F44A5A /* CKRecordZoneID+Helpers.swift in Sources */,
				C1E7E7C61FF8F1BA00F44A5A /* NSEntityDescription+Helpers.swift in Sources */,
				68ED0157213A39A500E0A1E7 /* SMBatchDeleteResult.swift in Sources */,
				C1E7E7C71FF8F1BA00F44A5A /* NSManagedObject+CKRecord.swift in Sources */,
				C1E7E7C81FF8F1BA00F44A5A /* NSManagedObjectContext+Helpers.swift in Sources */,
				C1E7E7C91FF8F1BA00F44A5A /* SMObjectDependencyGraph.swift in Sources */,
				C1E7E7CA1FF8F1BA00F44A5A /* SMServerStoreSetupOperation.swift in Sources */,
				BBCB6B3D21E40CA60073BACA /* SMLogger.swift in Sources */,
				C1E7E7CB1FF8F1BA00F44A5A /* SMServerTokenHandler.swift in Sources */,
				C1E7E7CC1FF8F1BA00F44A5A /* SMServerZoneLookupOperation.swift in Sources */,
				C1E7E7CD1FF8F1BA00F44A5A /* SMStore.swift in Sources */,
				C1E7E7CE1FF8F1BA00F44A5A /* SMStoreChangeSetHandler.swift in Sources */,
				C1E7E7CF1FF8F1BA00F44A5A /* SMStoreSyncOperation.swift in Sources */,
			);
			runOnlyForDeploymentPostprocessing = 0;
		};
/* End PBXSourcesBuildPhase section */

/* Begin XCBuildConfiguration section */
		682CE159213C188C0006C2C7 /* Debug */ = {
			isa = XCBuildConfiguration;
			buildSettings = {
				APPLICATION_EXTENSION_API_ONLY = YES;
				CODE_SIGN_IDENTITY = "";
				"CODE_SIGN_IDENTITY[sdk=iphoneos*]" = "iPhone Developer";
				CODE_SIGN_STYLE = Automatic;
				CURRENT_PROJECT_VERSION = 1.5.3;
				DEVELOPMENT_TEAM = "";
				ENABLE_TESTABILITY = YES;
				HEADER_SEARCH_PATHS = "$(inherited)";
				INFOPLIST_FILE = "$(SRCROOT)/Sources/Assets/Resources/macOS/Seam3-macOS Info.plist";
				LD_RUNPATH_SEARCH_PATHS = "$(TOOLCHAIN_DIR)/usr/lib/swift/macosx";
				MACOSX_DEPLOYMENT_TARGET = 10.12;
				OTHER_LDFLAGS = "$(inherited)";
				OTHER_SWIFT_FLAGS = "$(inherited)";
				PRODUCT_BUNDLE_IDENTIFIER = com.Seam.Seam3;
				PRODUCT_MODULE_NAME = "$(TARGET_NAME:c99extidentifier)";
				PRODUCT_NAME = "$(TARGET_NAME)";
				PROVISIONING_PROFILE_SPECIFIER = "";
				SDKROOT = macosx;
				SKIP_INSTALL = YES;
				SWIFT_VERSION = 5.0;
				TARGETED_DEVICE_FAMILY = "1,2";
				TARGET_NAME = Seam3;
				WATCHOS_DEPLOYMENT_TARGET = 4.0;
			};
			name = Debug;
		};
		682CE15A213C188C0006C2C7 /* Release */ = {
			isa = XCBuildConfiguration;
			buildSettings = {
				APPLICATION_EXTENSION_API_ONLY = YES;
				CODE_SIGN_IDENTITY = "";
				"CODE_SIGN_IDENTITY[sdk=iphoneos*]" = "iPhone Developer";
				CODE_SIGN_STYLE = Automatic;
				CURRENT_PROJECT_VERSION = 1.5.3;
				DEVELOPMENT_TEAM = "";
				ENABLE_TESTABILITY = YES;
				HEADER_SEARCH_PATHS = "$(inherited)";
				INFOPLIST_FILE = "$(SRCROOT)/Sources/Assets/Resources/macOS/Seam3-macOS Info.plist";
				LD_RUNPATH_SEARCH_PATHS = "$(TOOLCHAIN_DIR)/usr/lib/swift/macosx";
				MACOSX_DEPLOYMENT_TARGET = 10.12;
				OTHER_LDFLAGS = "$(inherited)";
				OTHER_SWIFT_FLAGS = "$(inherited)";
				PRODUCT_BUNDLE_IDENTIFIER = com.Seam.Seam3;
				PRODUCT_MODULE_NAME = "$(TARGET_NAME:c99extidentifier)";
				PRODUCT_NAME = "$(TARGET_NAME)";
				PROVISIONING_PROFILE_SPECIFIER = "";
				SDKROOT = macosx;
				SKIP_INSTALL = YES;
				SWIFT_VERSION = 5.0;
				TARGETED_DEVICE_FAMILY = "1,2";
				TARGET_NAME = Seam3;
				WATCHOS_DEPLOYMENT_TARGET = 4.0;
			};
			name = Release;
		};
		682CE170213C18EC0006C2C7 /* Debug */ = {
			isa = XCBuildConfiguration;
			buildSettings = {
				APPLICATION_EXTENSION_API_ONLY = YES;
				CODE_SIGN_IDENTITY = "";
				"CODE_SIGN_IDENTITY[sdk=iphoneos*]" = "iPhone Developer";
				CODE_SIGN_STYLE = Automatic;
				CURRENT_PROJECT_VERSION = 1.5.3;
				DEVELOPMENT_TEAM = "";
				ENABLE_TESTABILITY = YES;
				HEADER_SEARCH_PATHS = "$(inherited)";
				INFOPLIST_FILE = "$(SRCROOT)/Sources/Assets/Resources/tvOS/Seam3-tvOS Info.plist";
				LD_RUNPATH_SEARCH_PATHS = "$(TOOLCHAIN_DIR)/usr/lib/swift/macosx";
				OTHER_LDFLAGS = "$(inherited)";
				OTHER_SWIFT_FLAGS = "$(inherited)";
				PRODUCT_BUNDLE_IDENTIFIER = com.Seam.Seam3;
				PRODUCT_MODULE_NAME = "$(TARGET_NAME:c99extidentifier)";
				PRODUCT_NAME = "$(TARGET_NAME)";
				PROVISIONING_PROFILE_SPECIFIER = "";
				SDKROOT = appletvos;
				SKIP_INSTALL = YES;
				SWIFT_VERSION = 5.0;
				TARGETED_DEVICE_FAMILY = 3;
				TARGET_NAME = Seam3;
				TVOS_DEPLOYMENT_TARGET = 10.0;
				WATCHOS_DEPLOYMENT_TARGET = 4.0;
			};
			name = Debug;
		};
		682CE171213C18EC0006C2C7 /* Release */ = {
			isa = XCBuildConfiguration;
			buildSettings = {
				APPLICATION_EXTENSION_API_ONLY = YES;
				CODE_SIGN_IDENTITY = "";
				"CODE_SIGN_IDENTITY[sdk=iphoneos*]" = "iPhone Developer";
				CODE_SIGN_STYLE = Automatic;
				CURRENT_PROJECT_VERSION = 1.5.3;
				DEVELOPMENT_TEAM = "";
				ENABLE_TESTABILITY = YES;
				HEADER_SEARCH_PATHS = "$(inherited)";
				INFOPLIST_FILE = "$(SRCROOT)/Sources/Assets/Resources/tvOS/Seam3-tvOS Info.plist";
				LD_RUNPATH_SEARCH_PATHS = "$(TOOLCHAIN_DIR)/usr/lib/swift/macosx";
				OTHER_LDFLAGS = "$(inherited)";
				OTHER_SWIFT_FLAGS = "$(inherited)";
				PRODUCT_BUNDLE_IDENTIFIER = com.Seam.Seam3;
				PRODUCT_MODULE_NAME = "$(TARGET_NAME:c99extidentifier)";
				PRODUCT_NAME = "$(TARGET_NAME)";
				PROVISIONING_PROFILE_SPECIFIER = "";
				SDKROOT = appletvos;
				SKIP_INSTALL = YES;
				SWIFT_VERSION = 5.0;
				TARGETED_DEVICE_FAMILY = 3;
				TARGET_NAME = Seam3;
				TVOS_DEPLOYMENT_TARGET = 10.0;
				WATCHOS_DEPLOYMENT_TARGET = 4.0;
			};
			name = Release;
		};
		68DB9AD7213B9779002E35C3 /* Debug */ = {
			isa = XCBuildConfiguration;
			buildSettings = {
				APPLICATION_EXTENSION_API_ONLY = YES;
				CODE_SIGN_IDENTITY = "";
				"CODE_SIGN_IDENTITY[sdk=iphoneos*]" = "iPhone Developer";
				CODE_SIGN_STYLE = Automatic;
				CURRENT_PROJECT_VERSION = 1.5.3;
				DEVELOPMENT_TEAM = "";
				ENABLE_TESTABILITY = YES;
				HEADER_SEARCH_PATHS = "$(inherited)";
				INFOPLIST_FILE = "$(SRCROOT)/Sources/Assets/Resources/watchOS/Seam3-watchOS Info.plist";
				LD_RUNPATH_SEARCH_PATHS = "$(TOOLCHAIN_DIR)/usr/lib/swift/macosx";
				OTHER_LDFLAGS = "$(inherited)";
				OTHER_SWIFT_FLAGS = "$(inherited)";
				PRODUCT_BUNDLE_IDENTIFIER = com.Seam.Seam3;
				PRODUCT_MODULE_NAME = "$(TARGET_NAME:c99extidentifier)";
				PRODUCT_NAME = "$(TARGET_NAME)";
				PROVISIONING_PROFILE_SPECIFIER = "";
				SDKROOT = watchos;
				SKIP_INSTALL = YES;
				SWIFT_VERSION = 5.0;
				TARGETED_DEVICE_FAMILY = 4;
				TARGET_NAME = Seam3;
				WATCHOS_DEPLOYMENT_TARGET = 4.0;
			};
			name = Debug;
		};
		68DB9AD8213B9779002E35C3 /* Release */ = {
			isa = XCBuildConfiguration;
			buildSettings = {
				APPLICATION_EXTENSION_API_ONLY = YES;
				CODE_SIGN_IDENTITY = "";
				"CODE_SIGN_IDENTITY[sdk=iphoneos*]" = "iPhone Developer";
				CODE_SIGN_STYLE = Automatic;
				CURRENT_PROJECT_VERSION = 1.5.3;
				DEVELOPMENT_TEAM = "";
				ENABLE_TESTABILITY = YES;
				HEADER_SEARCH_PATHS = "$(inherited)";
				INFOPLIST_FILE = "$(SRCROOT)/Sources/Assets/Resources/watchOS/Seam3-watchOS Info.plist";
				LD_RUNPATH_SEARCH_PATHS = "$(TOOLCHAIN_DIR)/usr/lib/swift/macosx";
				OTHER_LDFLAGS = "$(inherited)";
				OTHER_SWIFT_FLAGS = "$(inherited)";
				PRODUCT_BUNDLE_IDENTIFIER = com.Seam.Seam3;
				PRODUCT_MODULE_NAME = "$(TARGET_NAME:c99extidentifier)";
				PRODUCT_NAME = "$(TARGET_NAME)";
				PROVISIONING_PROFILE_SPECIFIER = "";
				SDKROOT = watchos;
				SKIP_INSTALL = YES;
				SWIFT_VERSION = 5.0;
				TARGETED_DEVICE_FAMILY = 4;
				TARGET_NAME = Seam3;
				WATCHOS_DEPLOYMENT_TARGET = 4.0;
			};
			name = Release;
		};
		C1E7E7D21FF8F1BA00F44A5A /* Debug */ = {
			isa = XCBuildConfiguration;
			buildSettings = {
				APPLICATION_EXTENSION_API_ONLY = YES;
				CODE_SIGN_IDENTITY = "";
				"CODE_SIGN_IDENTITY[sdk=iphoneos*]" = "iPhone Developer";
				CODE_SIGN_STYLE = Automatic;
				CURRENT_PROJECT_VERSION = 1.5.3;
				DEVELOPMENT_TEAM = "";
				ENABLE_TESTABILITY = YES;
				HEADER_SEARCH_PATHS = "$(inherited)";
				INFOPLIST_FILE = "$(SRCROOT)/Sources/Assets/Resources/iOS/Seam3-iOS Info.plist";
				IPHONEOS_DEPLOYMENT_TARGET = 10.0;
				LD_RUNPATH_SEARCH_PATHS = "$(TOOLCHAIN_DIR)/usr/lib/swift/macosx";
				OTHER_LDFLAGS = "$(inherited)";
				OTHER_SWIFT_FLAGS = "$(inherited)";
				PRODUCT_BUNDLE_IDENTIFIER = com.Seam.Seam3;
				PRODUCT_MODULE_NAME = "$(TARGET_NAME:c99extidentifier)";
				PRODUCT_NAME = "$(TARGET_NAME)";
				PROVISIONING_PROFILE_SPECIFIER = "";
				SKIP_INSTALL = YES;
				SWIFT_VERSION = 5.0;
				TARGETED_DEVICE_FAMILY = "1,2";
				TARGET_NAME = Seam3;
			};
			name = Debug;
		};
		C1E7E7D31FF8F1BA00F44A5A /* Release */ = {
			isa = XCBuildConfiguration;
			buildSettings = {
				APPLICATION_EXTENSION_API_ONLY = YES;
				CODE_SIGN_IDENTITY = "";
				"CODE_SIGN_IDENTITY[sdk=iphoneos*]" = "iPhone Developer";
				CODE_SIGN_STYLE = Automatic;
				CURRENT_PROJECT_VERSION = 1.5.3;
				DEVELOPMENT_TEAM = "";
				ENABLE_TESTABILITY = YES;
				HEADER_SEARCH_PATHS = "$(inherited)";
				INFOPLIST_FILE = "$(SRCROOT)/Sources/Assets/Resources/iOS/Seam3-iOS Info.plist";
				IPHONEOS_DEPLOYMENT_TARGET = 10.0;
				LD_RUNPATH_SEARCH_PATHS = "$(TOOLCHAIN_DIR)/usr/lib/swift/macosx";
				OTHER_LDFLAGS = "$(inherited)";
				OTHER_SWIFT_FLAGS = "$(inherited)";
				PRODUCT_BUNDLE_IDENTIFIER = com.Seam.Seam3;
				PRODUCT_MODULE_NAME = "$(TARGET_NAME:c99extidentifier)";
				PRODUCT_NAME = "$(TARGET_NAME)";
				PROVISIONING_PROFILE_SPECIFIER = "";
				SKIP_INSTALL = YES;
				SWIFT_VERSION = 5.0;
				TARGETED_DEVICE_FAMILY = "1,2";
				TARGET_NAME = Seam3;
			};
			name = Release;
		};
		OBJ_3 /* Debug */ = {
			isa = XCBuildConfiguration;
			buildSettings = {
				CLANG_ANALYZER_LOCALIZABILITY_NONLOCALIZED = YES;
				CLANG_ENABLE_OBJC_ARC = YES;
				CLANG_WARN_BLOCK_CAPTURE_AUTORELEASING = YES;
				CLANG_WARN_BOOL_CONVERSION = YES;
				CLANG_WARN_COMMA = YES;
				CLANG_WARN_CONSTANT_CONVERSION = YES;
				CLANG_WARN_DEPRECATED_OBJC_IMPLEMENTATIONS = YES;
				CLANG_WARN_EMPTY_BODY = YES;
				CLANG_WARN_ENUM_CONVERSION = YES;
				CLANG_WARN_INFINITE_RECURSION = YES;
				CLANG_WARN_INT_CONVERSION = YES;
				CLANG_WARN_NON_LITERAL_NULL_CONVERSION = YES;
				CLANG_WARN_OBJC_IMPLICIT_RETAIN_SELF = YES;
				CLANG_WARN_OBJC_LITERAL_CONVERSION = YES;
				CLANG_WARN_RANGE_LOOP_ANALYSIS = YES;
				CLANG_WARN_STRICT_PROTOTYPES = YES;
				CLANG_WARN_SUSPICIOUS_MOVE = YES;
				CLANG_WARN_UNREACHABLE_CODE = YES;
				CLANG_WARN__DUPLICATE_METHOD_MATCH = YES;
				COMBINE_HIDPI_IMAGES = YES;
				COPY_PHASE_STRIP = NO;
				DEBUG_INFORMATION_FORMAT = dwarf;
				DYLIB_INSTALL_NAME_BASE = "@rpath";
				ENABLE_NS_ASSERTIONS = YES;
				ENABLE_STRICT_OBJC_MSGSEND = YES;
				ENABLE_TESTABILITY = YES;
				GCC_NO_COMMON_BLOCKS = YES;
				GCC_OPTIMIZATION_LEVEL = 0;
				GCC_WARN_64_TO_32_BIT_CONVERSION = YES;
				GCC_WARN_ABOUT_RETURN_TYPE = YES;
				GCC_WARN_UNDECLARED_SELECTOR = YES;
				GCC_WARN_UNINITIALIZED_AUTOS = YES;
				GCC_WARN_UNUSED_FUNCTION = YES;
				GCC_WARN_UNUSED_VARIABLE = YES;
				IPHONEOS_DEPLOYMENT_TARGET = 10.0;
				MACOSX_DEPLOYMENT_TARGET = 10.11;
				ONLY_ACTIVE_ARCH = YES;
				OTHER_SWIFT_FLAGS = "-DXcode";
				PRODUCT_NAME = "$(TARGET_NAME)";
				SDKROOT = iphoneos;
				SWIFT_ACTIVE_COMPILATION_CONDITIONS = SWIFT_PACKAGE;
				SWIFT_OPTIMIZATION_LEVEL = "-Onone";
				SWIFT_VERSION = 5.0;
				USE_HEADERMAP = NO;
			};
			name = Debug;
		};
		OBJ_4 /* Release */ = {
			isa = XCBuildConfiguration;
			buildSettings = {
				CLANG_ANALYZER_LOCALIZABILITY_NONLOCALIZED = YES;
				CLANG_ENABLE_OBJC_ARC = YES;
				CLANG_WARN_BLOCK_CAPTURE_AUTORELEASING = YES;
				CLANG_WARN_BOOL_CONVERSION = YES;
				CLANG_WARN_COMMA = YES;
				CLANG_WARN_CONSTANT_CONVERSION = YES;
				CLANG_WARN_DEPRECATED_OBJC_IMPLEMENTATIONS = YES;
				CLANG_WARN_EMPTY_BODY = YES;
				CLANG_WARN_ENUM_CONVERSION = YES;
				CLANG_WARN_INFINITE_RECURSION = YES;
				CLANG_WARN_INT_CONVERSION = YES;
				CLANG_WARN_NON_LITERAL_NULL_CONVERSION = YES;
				CLANG_WARN_OBJC_IMPLICIT_RETAIN_SELF = YES;
				CLANG_WARN_OBJC_LITERAL_CONVERSION = YES;
				CLANG_WARN_RANGE_LOOP_ANALYSIS = YES;
				CLANG_WARN_STRICT_PROTOTYPES = YES;
				CLANG_WARN_SUSPICIOUS_MOVE = YES;
				CLANG_WARN_UNREACHABLE_CODE = YES;
				CLANG_WARN__DUPLICATE_METHOD_MATCH = YES;
				COMBINE_HIDPI_IMAGES = YES;
				COPY_PHASE_STRIP = YES;
				DEBUG_INFORMATION_FORMAT = "dwarf-with-dsym";
				DYLIB_INSTALL_NAME_BASE = "@rpath";
				ENABLE_STRICT_OBJC_MSGSEND = YES;
				GCC_NO_COMMON_BLOCKS = YES;
				GCC_OPTIMIZATION_LEVEL = s;
				GCC_WARN_64_TO_32_BIT_CONVERSION = YES;
				GCC_WARN_ABOUT_RETURN_TYPE = YES;
				GCC_WARN_UNDECLARED_SELECTOR = YES;
				GCC_WARN_UNINITIALIZED_AUTOS = YES;
				GCC_WARN_UNUSED_FUNCTION = YES;
				GCC_WARN_UNUSED_VARIABLE = YES;
				IPHONEOS_DEPLOYMENT_TARGET = 10.0;
				MACOSX_DEPLOYMENT_TARGET = 10.11;
				OTHER_SWIFT_FLAGS = "-DXcode";
				PRODUCT_NAME = "$(TARGET_NAME)";
				SDKROOT = iphoneos;
				SWIFT_ACTIVE_COMPILATION_CONDITIONS = SWIFT_PACKAGE;
				SWIFT_OPTIMIZATION_LEVEL = "-Owholemodule";
				SWIFT_VERSION = 5.0;
				USE_HEADERMAP = NO;
			};
			name = Release;
		};
/* End XCBuildConfiguration section */

/* Begin XCConfigurationList section */
		682CE158213C188C0006C2C7 /* Build configuration list for PBXNativeTarget "Seam3 (macOS)" */ = {
			isa = XCConfigurationList;
			buildConfigurations = (
				682CE159213C188C0006C2C7 /* Debug */,
				682CE15A213C188C0006C2C7 /* Release */,
			);
			defaultConfigurationIsVisible = 0;
			defaultConfigurationName = Debug;
		};
		682CE16F213C18EC0006C2C7 /* Build configuration list for PBXNativeTarget "Seam3 (tvOS)" */ = {
			isa = XCConfigurationList;
			buildConfigurations = (
				682CE170213C18EC0006C2C7 /* Debug */,
				682CE171213C18EC0006C2C7 /* Release */,
			);
			defaultConfigurationIsVisible = 0;
			defaultConfigurationName = Debug;
		};
		68DB9AD6213B9779002E35C3 /* Build configuration list for PBXNativeTarget "Seam3 (watchOS)" */ = {
			isa = XCConfigurationList;
			buildConfigurations = (
				68DB9AD7213B9779002E35C3 /* Debug */,
				68DB9AD8213B9779002E35C3 /* Release */,
			);
			defaultConfigurationIsVisible = 0;
			defaultConfigurationName = Debug;
		};
		C1E7E7D11FF8F1BA00F44A5A /* Build configuration list for PBXNativeTarget "Seam3 (iOS)" */ = {
			isa = XCConfigurationList;
			buildConfigurations = (
				C1E7E7D21FF8F1BA00F44A5A /* Debug */,
				C1E7E7D31FF8F1BA00F44A5A /* Release */,
			);
			defaultConfigurationIsVisible = 0;
			defaultConfigurationName = Debug;
		};
		OBJ_2 /* Build configuration list for PBXProject "Seam3" */ = {
			isa = XCConfigurationList;
			buildConfigurations = (
				OBJ_3 /* Debug */,
				OBJ_4 /* Release */,
			);
			defaultConfigurationIsVisible = 0;
			defaultConfigurationName = Debug;
		};
/* End XCConfigurationList section */
	};
	rootObject = OBJ_1 /* Project object */;
}
